// !$*UTF8*$!
{
	archiveVersion = 1;
	classes = {
	};
	objectVersion = 50;
	objects = {

/* Begin PBXBuildFile section */
		6A0124C42611FDA2000DF7E0 /* AppDelegate.swift in Sources */ = {isa = PBXBuildFile; fileRef = 6A0124C32611FDA2000DF7E0 /* AppDelegate.swift */; };
		6A0124C62611FDA2000DF7E0 /* SceneDelegate.swift in Sources */ = {isa = PBXBuildFile; fileRef = 6A0124C52611FDA2000DF7E0 /* SceneDelegate.swift */; };
		6A0124C82611FDA2000DF7E0 /* ViewController.swift in Sources */ = {isa = PBXBuildFile; fileRef = 6A0124C72611FDA2000DF7E0 /* ViewController.swift */; };
		6A0124CB2611FDA2000DF7E0 /* Main.storyboard in Resources */ = {isa = PBXBuildFile; fileRef = 6A0124C92611FDA2000DF7E0 /* Main.storyboard */; };
		6A0124CD2611FDA8000DF7E0 /* Assets.xcassets in Resources */ = {isa = PBXBuildFile; fileRef = 6A0124CC2611FDA8000DF7E0 /* Assets.xcassets */; };
		6A0124D02611FDA8000DF7E0 /* LaunchScreen.storyboard in Resources */ = {isa = PBXBuildFile; fileRef = 6A0124CE2611FDA8000DF7E0 /* LaunchScreen.storyboard */; };
		6A0124DD2611FE42000DF7E0 /* AuthView.swift in Sources */ = {isa = PBXBuildFile; fileRef = 6A0124DC2611FE42000DF7E0 /* AuthView.swift */; };
		6A0124E52612401A000DF7E0 /* SignInView.swift in Sources */ = {isa = PBXBuildFile; fileRef = 6A0124E42612401A000DF7E0 /* SignInView.swift */; };
/* End PBXBuildFile section */

/* Begin PBXFileReference section */
		6A0124C02611FDA2000DF7E0 /* MOOC.app */ = {isa = PBXFileReference; explicitFileType = wrapper.application; includeInIndex = 0; path = MOOC.app; sourceTree = BUILT_PRODUCTS_DIR; };
		6A0124C32611FDA2000DF7E0 /* AppDelegate.swift */ = {isa = PBXFileReference; lastKnownFileType = sourcecode.swift; path = AppDelegate.swift; sourceTree = "<group>"; };
		6A0124C52611FDA2000DF7E0 /* SceneDelegate.swift */ = {isa = PBXFileReference; lastKnownFileType = sourcecode.swift; path = SceneDelegate.swift; sourceTree = "<group>"; };
		6A0124C72611FDA2000DF7E0 /* ViewController.swift */ = {isa = PBXFileReference; lastKnownFileType = sourcecode.swift; path = ViewController.swift; sourceTree = "<group>"; };
		6A0124CA2611FDA2000DF7E0 /* Base */ = {isa = PBXFileReference; lastKnownFileType = file.storyboard; name = Base; path = Base.lproj/Main.storyboard; sourceTree = "<group>"; };
		6A0124CC2611FDA8000DF7E0 /* Assets.xcassets */ = {isa = PBXFileReference; lastKnownFileType = folder.assetcatalog; path = Assets.xcassets; sourceTree = "<group>"; };
		6A0124CF2611FDA8000DF7E0 /* Base */ = {isa = PBXFileReference; lastKnownFileType = file.storyboard; name = Base; path = Base.lproj/LaunchScreen.storyboard; sourceTree = "<group>"; };
		6A0124D12611FDA8000DF7E0 /* Info.plist */ = {isa = PBXFileReference; lastKnownFileType = text.plist.xml; path = Info.plist; sourceTree = "<group>"; };
		6A0124DC2611FE42000DF7E0 /* AuthView.swift */ = {isa = PBXFileReference; lastKnownFileType = sourcecode.swift; path = AuthView.swift; sourceTree = "<group>"; };
		6A0124E42612401A000DF7E0 /* SignInView.swift */ = {isa = PBXFileReference; lastKnownFileType = sourcecode.swift; path = SignInView.swift; sourceTree = "<group>"; };
/* End PBXFileReference section */

/* Begin PBXFrameworksBuildPhase section */
		6A0124BD2611FDA2000DF7E0 /* Frameworks */ = {
			isa = PBXFrameworksBuildPhase;
			buildActionMask = 2147483647;
			files = (
			);
			runOnlyForDeploymentPostprocessing = 0;
		};
/* End PBXFrameworksBuildPhase section */

/* Begin PBXGroup section */
		6A0124B72611FDA2000DF7E0 = {
			isa = PBXGroup;
			children = (
				6A0124C22611FDA2000DF7E0 /* MOOC */,
				6A0124C12611FDA2000DF7E0 /* Products */,
			);
			sourceTree = "<group>";
		};
		6A0124C12611FDA2000DF7E0 /* Products */ = {
			isa = PBXGroup;
			children = (
				6A0124C02611FDA2000DF7E0 /* MOOC.app */,
			);
			name = Products;
			sourceTree = "<group>";
		};
		6A0124C22611FDA2000DF7E0 /* MOOC */ = {
			isa = PBXGroup;
			children = (
				6A0124E12611FE7D000DF7E0 /* Auth */,
				6A0124C92611FDA2000DF7E0 /* Main.storyboard */,
				6A0124DA2611FDE7000DF7E0 /* App */,
				6A0124C72611FDA2000DF7E0 /* ViewController.swift */,
				6A0124CE2611FDA8000DF7E0 /* LaunchScreen.storyboard */,
			);
			path = MOOC;
			sourceTree = "<group>";
		};
		6A0124DA2611FDE7000DF7E0 /* App */ = {
			isa = PBXGroup;
			children = (
				6A0124DB2611FDFE000DF7E0 /* Delegates */,
				6A0124D12611FDA8000DF7E0 /* Info.plist */,
				6A0124CC2611FDA8000DF7E0 /* Assets.xcassets */,
			);
			path = App;
			sourceTree = "<group>";
		};
		6A0124DB2611FDFE000DF7E0 /* Delegates */ = {
			isa = PBXGroup;
			children = (
				6A0124C32611FDA2000DF7E0 /* AppDelegate.swift */,
				6A0124C52611FDA2000DF7E0 /* SceneDelegate.swift */,
			);
			path = Delegates;
			sourceTree = "<group>";
		};
		6A0124E12611FE7D000DF7E0 /* Auth */ = {
			isa = PBXGroup;
			children = (
				6A0124DC2611FE42000DF7E0 /* AuthView.swift */,
				6A0124E42612401A000DF7E0 /* SignInView.swift */,
			);
			path = Auth;
			sourceTree = "<group>";
		};
/* End PBXGroup section */

/* Begin PBXNativeTarget section */
		6A0124BF2611FDA2000DF7E0 /* MOOC */ = {
			isa = PBXNativeTarget;
			buildConfigurationList = 6A0124D42611FDA8000DF7E0 /* Build configuration list for PBXNativeTarget "MOOC" */;
			buildPhases = (
				6A0124BC2611FDA2000DF7E0 /* Sources */,
				6A0124BD2611FDA2000DF7E0 /* Frameworks */,
				6A0124BE2611FDA2000DF7E0 /* Resources */,
			);
			buildRules = (
			);
			dependencies = (
			);
			name = MOOC;
			productName = MOOC;
			productReference = 6A0124C02611FDA2000DF7E0 /* MOOC.app */;
			productType = "com.apple.product-type.application";
		};
/* End PBXNativeTarget section */

/* Begin PBXProject section */
		6A0124B82611FDA2000DF7E0 /* Project object */ = {
			isa = PBXProject;
			attributes = {
				LastSwiftUpdateCheck = 1240;
				LastUpgradeCheck = 1240;
				TargetAttributes = {
					6A0124BF2611FDA2000DF7E0 = {
						CreatedOnToolsVersion = 12.4;
					};
				};
			};
			buildConfigurationList = 6A0124BB2611FDA2000DF7E0 /* Build configuration list for PBXProject "MOOC" */;
			compatibilityVersion = "Xcode 9.3";
			developmentRegion = en;
			hasScannedForEncodings = 0;
			knownRegions = (
				en,
				Base,
			);
			mainGroup = 6A0124B72611FDA2000DF7E0;
			productRefGroup = 6A0124C12611FDA2000DF7E0 /* Products */;
			projectDirPath = "";
			projectRoot = "";
			targets = (
				6A0124BF2611FDA2000DF7E0 /* MOOC */,
			);
		};
/* End PBXProject section */

/* Begin PBXResourcesBuildPhase section */
		6A0124BE2611FDA2000DF7E0 /* Resources */ = {
			isa = PBXResourcesBuildPhase;
			buildActionMask = 2147483647;
			files = (
				6A0124D02611FDA8000DF7E0 /* LaunchScreen.storyboard in Resources */,
				6A0124CD2611FDA8000DF7E0 /* Assets.xcassets in Resources */,
				6A0124CB2611FDA2000DF7E0 /* Main.storyboard in Resources */,
			);
			runOnlyForDeploymentPostprocessing = 0;
		};
/* End PBXResourcesBuildPhase section */

/* Begin PBXSourcesBuildPhase section */
		6A0124BC2611FDA2000DF7E0 /* Sources */ = {
			isa = PBXSourcesBuildPhase;
			buildActionMask = 2147483647;
			files = (
				6A0124C82611FDA2000DF7E0 /* ViewController.swift in Sources */,
				6A0124C42611FDA2000DF7E0 /* AppDelegate.swift in Sources */,
				6A0124DD2611FE42000DF7E0 /* AuthView.swift in Sources */,
				6A0124C62611FDA2000DF7E0 /* SceneDelegate.swift in Sources */,
				6A0124E52612401A000DF7E0 /* SignInView.swift in Sources */,
			);
			runOnlyForDeploymentPostprocessing = 0;
		};
/* End PBXSourcesBuildPhase section */

/* Begin PBXVariantGroup section */
		6A0124C92611FDA2000DF7E0 /* Main.storyboard */ = {
			isa = PBXVariantGroup;
			children = (
				6A0124CA2611FDA2000DF7E0 /* Base */,
			);
			name = Main.storyboard;
			sourceTree = "<group>";
		};
		6A0124CE2611FDA8000DF7E0 /* LaunchScreen.storyboard */ = {
			isa = PBXVariantGroup;
			children = (
				6A0124CF2611FDA8000DF7E0 /* Base */,
			);
			name = LaunchScreen.storyboard;
			sourceTree = "<group>";
		};
/* End PBXVariantGroup section */

/* Begin XCBuildConfiguration section */
		6A0124D22611FDA8000DF7E0 /* Debug */ = {
			isa = XCBuildConfiguration;
			buildSettings = {
				ALWAYS_SEARCH_USER_PATHS = NO;
				CLANG_ANALYZER_NONNULL = YES;
				CLANG_ANALYZER_NUMBER_OBJECT_CONVERSION = YES_AGGRESSIVE;
				CLANG_CXX_LANGUAGE_STANDARD = "gnu++14";
				CLANG_CXX_LIBRARY = "libc++";
				CLANG_ENABLE_MODULES = YES;
				CLANG_ENABLE_OBJC_ARC = YES;
				CLANG_ENABLE_OBJC_WEAK = YES;
				CLANG_WARN_BLOCK_CAPTURE_AUTORELEASING = YES;
				CLANG_WARN_BOOL_CONVERSION = YES;
				CLANG_WARN_COMMA = YES;
				CLANG_WARN_CONSTANT_CONVERSION = YES;
				CLANG_WARN_DEPRECATED_OBJC_IMPLEMENTATIONS = YES;
				CLANG_WARN_DIRECT_OBJC_ISA_USAGE = YES_ERROR;
				CLANG_WARN_DOCUMENTATION_COMMENTS = YES;
				CLANG_WARN_EMPTY_BODY = YES;
				CLANG_WARN_ENUM_CONVERSION = YES;
				CLANG_WARN_INFINITE_RECURSION = YES;
				CLANG_WARN_INT_CONVERSION = YES;
				CLANG_WARN_NON_LITERAL_NULL_CONVERSION = YES;
				CLANG_WARN_OBJC_IMPLICIT_RETAIN_SELF = YES;
				CLANG_WARN_OBJC_LITERAL_CONVERSION = YES;
				CLANG_WARN_OBJC_ROOT_CLASS = YES_ERROR;
				CLANG_WARN_QUOTED_INCLUDE_IN_FRAMEWORK_HEADER = YES;
				CLANG_WARN_RANGE_LOOP_ANALYSIS = YES;
				CLANG_WARN_STRICT_PROTOTYPES = YES;
				CLANG_WARN_SUSPICIOUS_MOVE = YES;
				CLANG_WARN_UNGUARDED_AVAILABILITY = YES_AGGRESSIVE;
				CLANG_WARN_UNREACHABLE_CODE = YES;
				CLANG_WARN__DUPLICATE_METHOD_MATCH = YES;
				COPY_PHASE_STRIP = NO;
				DEBUG_INFORMATION_FORMAT = dwarf;
				ENABLE_STRICT_OBJC_MSGSEND = YES;
				ENABLE_TESTABILITY = YES;
				GCC_C_LANGUAGE_STANDARD = gnu11;
				GCC_DYNAMIC_NO_PIC = NO;
				GCC_NO_COMMON_BLOCKS = YES;
				GCC_OPTIMIZATION_LEVEL = 0;
				GCC_PREPROCESSOR_DEFINITIONS = (
					"DEBUG=1",
					"$(inherited)",
				);
				GCC_WARN_64_TO_32_BIT_CONVERSION = YES;
				GCC_WARN_ABOUT_RETURN_TYPE = YES_ERROR;
				GCC_WARN_UNDECLARED_SELECTOR = YES;
				GCC_WARN_UNINITIALIZED_AUTOS = YES_AGGRESSIVE;
				GCC_WARN_UNUSED_FUNCTION = YES;
				GCC_WARN_UNUSED_VARIABLE = YES;
				IPHONEOS_DEPLOYMENT_TARGET = 14.4;
				MTL_ENABLE_DEBUG_INFO = INCLUDE_SOURCE;
				MTL_FAST_MATH = YES;
				ONLY_ACTIVE_ARCH = YES;
				SDKROOT = iphoneos;
				SWIFT_ACTIVE_COMPILATION_CONDITIONS = DEBUG;
				SWIFT_OPTIMIZATION_LEVEL = "-Onone";
			};
			name = Debug;
		};
		6A0124D32611FDA8000DF7E0 /* Release */ = {
			isa = XCBuildConfiguration;
			buildSettings = {
				ALWAYS_SEARCH_USER_PATHS = NO;
				CLANG_ANALYZER_NONNULL = YES;
				CLANG_ANALYZER_NUMBER_OBJECT_CONVERSION = YES_AGGRESSIVE;
				CLANG_CXX_LANGUAGE_STANDARD = "gnu++14";
				CLANG_CXX_LIBRARY = "libc++";
				CLANG_ENABLE_MODULES = YES;
				CLANG_ENABLE_OBJC_ARC = YES;
				CLANG_ENABLE_OBJC_WEAK = YES;
				CLANG_WARN_BLOCK_CAPTURE_AUTORELEASING = YES;
				CLANG_WARN_BOOL_CONVERSION = YES;
				CLANG_WARN_COMMA = YES;
				CLANG_WARN_CONSTANT_CONVERSION = YES;
				CLANG_WARN_DEPRECATED_OBJC_IMPLEMENTATIONS = YES;
				CLANG_WARN_DIRECT_OBJC_ISA_USAGE = YES_ERROR;
				CLANG_WARN_DOCUMENTATION_COMMENTS = YES;
				CLANG_WARN_EMPTY_BODY = YES;
				CLANG_WARN_ENUM_CONVERSION = YES;
				CLANG_WARN_INFINITE_RECURSION = YES;
				CLANG_WARN_INT_CONVERSION = YES;
				CLANG_WARN_NON_LITERAL_NULL_CONVERSION = YES;
				CLANG_WARN_OBJC_IMPLICIT_RETAIN_SELF = YES;
				CLANG_WARN_OBJC_LITERAL_CONVERSION = YES;
				CLANG_WARN_OBJC_ROOT_CLASS = YES_ERROR;
				CLANG_WARN_QUOTED_INCLUDE_IN_FRAMEWORK_HEADER = YES;
				CLANG_WARN_RANGE_LOOP_ANALYSIS = YES;
				CLANG_WARN_STRICT_PROTOTYPES = YES;
				CLANG_WARN_SUSPICIOUS_MOVE = YES;
				CLANG_WARN_UNGUARDED_AVAILABILITY = YES_AGGRESSIVE;
				CLANG_WARN_UNREACHABLE_CODE = YES;
				CLANG_WARN__DUPLICATE_METHOD_MATCH = YES;
				COPY_PHASE_STRIP = NO;
				DEBUG_INFORMATION_FORMAT = "dwarf-with-dsym";
				ENABLE_NS_ASSERTIONS = NO;
				ENABLE_STRICT_OBJC_MSGSEND = YES;
				GCC_C_LANGUAGE_STANDARD = gnu11;
				GCC_NO_COMMON_BLOCKS = YES;
				GCC_WARN_64_TO_32_BIT_CONVERSION = YES;
				GCC_WARN_ABOUT_RETURN_TYPE = YES_ERROR;
				GCC_WARN_UNDECLARED_SELECTOR = YES;
				GCC_WARN_UNINITIALIZED_AUTOS = YES_AGGRESSIVE;
				GCC_WARN_UNUSED_FUNCTION = YES;
				GCC_WARN_UNUSED_VARIABLE = YES;
				IPHONEOS_DEPLOYMENT_TARGET = 14.4;
				MTL_ENABLE_DEBUG_INFO = NO;
				MTL_FAST_MATH = YES;
				SDKROOT = iphoneos;
				SWIFT_COMPILATION_MODE = wholemodule;
				SWIFT_OPTIMIZATION_LEVEL = "-O";
				VALIDATE_PRODUCT = YES;
			};
			name = Release;
		};
		6A0124D52611FDA8000DF7E0 /* Debug */ = {
			isa = XCBuildConfiguration;
			buildSettings = {
				ASSETCATALOG_COMPILER_APPICON_NAME = AppIcon;
				ASSETCATALOG_COMPILER_GLOBAL_ACCENT_COLOR_NAME = AccentColor;
				CODE_SIGN_STYLE = Automatic;
				DEVELOPMENT_TEAM = B25KHJDDT4;
				INFOPLIST_FILE = MOOC/App/Info.plist;
				IPHONEOS_DEPLOYMENT_TARGET = 14.1;
				LD_RUNPATH_SEARCH_PATHS = (
					"$(inherited)",
					"@executable_path/Frameworks",
				);
				PRODUCT_BUNDLE_IDENTIFIER = SamarenkoAndrew.MOOC;
				PRODUCT_NAME = "$(TARGET_NAME)";
				SWIFT_VERSION = 5.0;
				TARGETED_DEVICE_FAMILY = 1;
			};
			name = Debug;
		};
		6A0124D62611FDA8000DF7E0 /* Release */ = {
			isa = XCBuildConfiguration;
			buildSettings = {
				ASSETCATALOG_COMPILER_APPICON_NAME = AppIcon;
				ASSETCATALOG_COMPILER_GLOBAL_ACCENT_COLOR_NAME = AccentColor;
				CODE_SIGN_STYLE = Automatic;
				DEVELOPMENT_TEAM = B25KHJDDT4;
				INFOPLIST_FILE = MOOC/App/Info.plist;
				IPHONEOS_DEPLOYMENT_TARGET = 14.1;
				LD_RUNPATH_SEARCH_PATHS = (
					"$(inherited)",
					"@executable_path/Frameworks",
				);
				PRODUCT_BUNDLE_IDENTIFIER = SamarenkoAndrew.MOOC;
				PRODUCT_NAME = "$(TARGET_NAME)";
				SWIFT_VERSION = 5.0;
				TARGETED_DEVICE_FAMILY = 1;
			};
			name = Release;
		};
/* End XCBuildConfiguration section */

/* Begin XCConfigurationList section */
		6A0124BB2611FDA2000DF7E0 /* Build configuration list for PBXProject "MOOC" */ = {
			isa = XCConfigurationList;
			buildConfigurations = (
				6A0124D22611FDA8000DF7E0 /* Debug */,
				6A0124D32611FDA8000DF7E0 /* Release */,
			);
			defaultConfigurationIsVisible = 0;
			defaultConfigurationName = Release;
		};
		6A0124D42611FDA8000DF7E0 /* Build configuration list for PBXNativeTarget "MOOC" */ = {
			isa = XCConfigurationList;
			buildConfigurations = (
				6A0124D52611FDA8000DF7E0 /* Debug */,
				6A0124D62611FDA8000DF7E0 /* Release */,
			);
			defaultConfigurationIsVisible = 0;
			defaultConfigurationName = Release;
		};
/* End XCConfigurationList section */
	};
	rootObject = 6A0124B82611FDA2000DF7E0 /* Project object */;
}
