// !$*UTF8*$!
{
	archiveVersion = 1;
	classes = {
	};
	objectVersion = 52;
	objects = {

/* Begin PBXBuildFile section */
		56510A1AA739225432414326 /* Pods_MOOC_Project.framework in Frameworks */ = {isa = PBXBuildFile; fileRef = 8A5EB97568026A294C2C8323 /* Pods_MOOC_Project.framework */; };
		6A070002263B3BFC002B84B5 /* SearchMainView.swift in Sources */ = {isa = PBXBuildFile; fileRef = 6A070001263B3BFC002B84B5 /* SearchMainView.swift */; };
		6A070008263B3DF4002B84B5 /* SearchTableItemView.swift in Sources */ = {isa = PBXBuildFile; fileRef = 6A070007263B3DF4002B84B5 /* SearchTableItemView.swift */; };
		6A1483812635FB13008BF165 /* SignUpModelProtocol.swift in Sources */ = {isa = PBXBuildFile; fileRef = 6A1483802635FB13008BF165 /* SignUpModelProtocol.swift */; };
		6A253AE22636E866003353E0 /* AuthRequest.swift in Sources */ = {isa = PBXBuildFile; fileRef = 6A253AE12636E866003353E0 /* AuthRequest.swift */; };
		6A36AE6D2635EE4E0033660C /* SignUpModel.swift in Sources */ = {isa = PBXBuildFile; fileRef = 6A36AE6C2635EE4E0033660C /* SignUpModel.swift */; };
		6A37AEA5263EA3930051DBC7 /* ChipsView.swift in Sources */ = {isa = PBXBuildFile; fileRef = 6A37AEA4263EA3930051DBC7 /* ChipsView.swift */; };
		6A37AEA8263EB8100051DBC7 /* SearchCellDataModel.swift in Sources */ = {isa = PBXBuildFile; fileRef = 6A37AEA7263EB8100051DBC7 /* SearchCellDataModel.swift */; };
		6A37AEAB263EDB8D0051DBC7 /* SearchButtons.swift in Sources */ = {isa = PBXBuildFile; fileRef = 6A37AEAA263EDB8C0051DBC7 /* SearchButtons.swift */; };
		6A37AEAE263EE34F0051DBC7 /* SearchQueryDataModel.swift in Sources */ = {isa = PBXBuildFile; fileRef = 6A37AEAD263EE34F0051DBC7 /* SearchQueryDataModel.swift */; };
		6A4B278C262C4EB600EFF317 /* AppDelegate.swift in Sources */ = {isa = PBXBuildFile; fileRef = 6A4B278B262C4EB600EFF317 /* AppDelegate.swift */; };
		6A4B278E262C4EB600EFF317 /* SceneDelegate.swift in Sources */ = {isa = PBXBuildFile; fileRef = 6A4B278D262C4EB600EFF317 /* SceneDelegate.swift */; };
		6A4B2790262C4EB600EFF317 /* ContentView.swift in Sources */ = {isa = PBXBuildFile; fileRef = 6A4B278F262C4EB600EFF317 /* ContentView.swift */; };
		6A4B2795262C4EBA00EFF317 /* Preview Assets.xcassets in Resources */ = {isa = PBXBuildFile; fileRef = 6A4B2794262C4EBA00EFF317 /* Preview Assets.xcassets */; };
		6A4B2798262C4EBA00EFF317 /* LaunchScreen.storyboard in Resources */ = {isa = PBXBuildFile; fileRef = 6A4B2796262C4EBA00EFF317 /* LaunchScreen.storyboard */; };
		6A4B27A2262C4F1400EFF317 /* Assets.xcassets in Resources */ = {isa = PBXBuildFile; fileRef = 6A4B27A1262C4F1400EFF317 /* Assets.xcassets */; };
		6A4FBB852638639300F414BE /* SessionService.swift in Sources */ = {isa = PBXBuildFile; fileRef = 6A4FBB842638639300F414BE /* SessionService.swift */; };
		6A4FBB8A263863F300F414BE /* SessionSaveHandler.swift in Sources */ = {isa = PBXBuildFile; fileRef = 6A4FBB89263863F300F414BE /* SessionSaveHandler.swift */; };
		6A4FBB8F2638672F00F414BE /* SessionSaveHandlerProtocol.swift in Sources */ = {isa = PBXBuildFile; fileRef = 6A4FBB8E2638672E00F414BE /* SessionSaveHandlerProtocol.swift */; };
		6A4FBB922638680600F414BE /* SessionServiceProtocol.swift in Sources */ = {isa = PBXBuildFile; fileRef = 6A4FBB912638680600F414BE /* SessionServiceProtocol.swift */; };
		6A600FF72636EB3B0008251E /* SignInParser.swift in Sources */ = {isa = PBXBuildFile; fileRef = 6A600FF62636EB3B0008251E /* SignInParser.swift */; };
		6A600FFB2636EBC30008251E /* SignUpRequestSender.swift in Sources */ = {isa = PBXBuildFile; fileRef = 6A600FFA2636EBC30008251E /* SignUpRequestSender.swift */; };
		6A600FFE2636FA220008251E /* JWTTokenHandlerProtocol.swift in Sources */ = {isa = PBXBuildFile; fileRef = 6A600FFD2636FA220008251E /* JWTTokenHandlerProtocol.swift */; };
		6A785B3E262C72F20080C10D /* KeyChainErrors.swift in Sources */ = {isa = PBXBuildFile; fileRef = 6A785B23262C72F20080C10D /* KeyChainErrors.swift */; };
		6A785B3F262C72F20080C10D /* KeyChainWrapper.swift in Sources */ = {isa = PBXBuildFile; fileRef = 6A785B24262C72F20080C10D /* KeyChainWrapper.swift */; };
		6A785B40262C72F20080C10D /* WelcomeCarouselView.swift in Sources */ = {isa = PBXBuildFile; fileRef = 6A785B29262C72F20080C10D /* WelcomeCarouselView.swift */; };
		6A785B41262C72F20080C10D /* WelcomeImageViews.swift in Sources */ = {isa = PBXBuildFile; fileRef = 6A785B2A262C72F20080C10D /* WelcomeImageViews.swift */; };
		6A785B42262C72F20080C10D /* WelcomeTextViews.swift in Sources */ = {isa = PBXBuildFile; fileRef = 6A785B2B262C72F20080C10D /* WelcomeTextViews.swift */; };
		6A785B43262C72F20080C10D /* WelcomeView.swift in Sources */ = {isa = PBXBuildFile; fileRef = 6A785B2C262C72F20080C10D /* WelcomeView.swift */; };
		6A785B44262C72F20080C10D /* AuthChoosingImageViews.swift in Sources */ = {isa = PBXBuildFile; fileRef = 6A785B2F262C72F20080C10D /* AuthChoosingImageViews.swift */; };
		6A785B45262C72F20080C10D /* AuthChoosingButtons.swift in Sources */ = {isa = PBXBuildFile; fileRef = 6A785B30262C72F20080C10D /* AuthChoosingButtons.swift */; };
		6A785B46262C72F20080C10D /* AuthChoosingTextViews.swift in Sources */ = {isa = PBXBuildFile; fileRef = 6A785B31262C72F20080C10D /* AuthChoosingTextViews.swift */; };
		6A785B47262C72F20080C10D /* AuthChoosingView.swift in Sources */ = {isa = PBXBuildFile; fileRef = 6A785B32262C72F20080C10D /* AuthChoosingView.swift */; };
		6A785B48262C72F20080C10D /* SignUpView.swift in Sources */ = {isa = PBXBuildFile; fileRef = 6A785B36262C72F20080C10D /* SignUpView.swift */; };
		6A785B49262C72F20080C10D /* SignTextFields.swift in Sources */ = {isa = PBXBuildFile; fileRef = 6A785B39262C72F20080C10D /* SignTextFields.swift */; };
		6A785B4A262C72F20080C10D /* SigntTextView.swift in Sources */ = {isa = PBXBuildFile; fileRef = 6A785B3A262C72F20080C10D /* SigntTextView.swift */; };
		6A785B4B262C72F20080C10D /* SignUpButtons.swift in Sources */ = {isa = PBXBuildFile; fileRef = 6A785B3B262C72F20080C10D /* SignUpButtons.swift */; };
		6A785B4C262C72F20080C10D /* SignInView.swift in Sources */ = {isa = PBXBuildFile; fileRef = 6A785B3C262C72F20080C10D /* SignInView.swift */; };
		6A7A087F263D6537005A681E /* RefreshTokenResponse.swift in Sources */ = {isa = PBXBuildFile; fileRef = 6A7A087E263D6537005A681E /* RefreshTokenResponse.swift */; };
		6A7A0882263D72A7005A681E /* LogOutParser.swift in Sources */ = {isa = PBXBuildFile; fileRef = 6A7A0881263D72A6005A681E /* LogOutParser.swift */; };
		6A7A0885263D7306005A681E /* LogOutRequestSender.swift in Sources */ = {isa = PBXBuildFile; fileRef = 6A7A0884263D7306005A681E /* LogOutRequestSender.swift */; };
		6A7A0888263D7B3B005A681E /* CoursesRequest.swift in Sources */ = {isa = PBXBuildFile; fileRef = 6A7A0887263D7B3B005A681E /* CoursesRequest.swift */; };
		6A7A088B263D7FAC005A681E /* CoursesParser.swift in Sources */ = {isa = PBXBuildFile; fileRef = 6A7A088A263D7FAC005A681E /* CoursesParser.swift */; };
		6A7A08A5263D8E84005A681E /* CoursesRequestSender.swift in Sources */ = {isa = PBXBuildFile; fileRef = 6A7A08A4263D8E83005A681E /* CoursesRequestSender.swift */; };
		6A7A08AC263DBF7D005A681E /* SearchTextField.swift in Sources */ = {isa = PBXBuildFile; fileRef = 6A7A08AB263DBF7D005A681E /* SearchTextField.swift */; };
		6A7A08B4263DE253005A681E /* ChipDataModel.swift in Sources */ = {isa = PBXBuildFile; fileRef = 6A7A08B3263DE253005A681E /* ChipDataModel.swift */; };
		6A7A08B7263DEB89005A681E /* SearchModel.swift in Sources */ = {isa = PBXBuildFile; fileRef = 6A7A08B6263DEB89005A681E /* SearchModel.swift */; };
		6A7A08BA263DEDE0005A681E /* CategoriesReuest.swift in Sources */ = {isa = PBXBuildFile; fileRef = 6A7A08B9263DEDE0005A681E /* CategoriesReuest.swift */; };
		6A7A08BE263DEE42005A681E /* CategoriesParser.swift in Sources */ = {isa = PBXBuildFile; fileRef = 6A7A08BD263DEE42005A681E /* CategoriesParser.swift */; };
		6A7A08C3263DEEE2005A681E /* CategoriesRequestSender.swift in Sources */ = {isa = PBXBuildFile; fileRef = 6A7A08C2263DEEE2005A681E /* CategoriesRequestSender.swift */; };
		6A7CBC97263EF6F000C384C2 /* SearchFullPage.swift in Sources */ = {isa = PBXBuildFile; fileRef = 6A7CBC96263EF6EF00C384C2 /* SearchFullPage.swift */; };
		6A7E8D6026388B3F009E5C3B /* WelcomeButtons.swift in Sources */ = {isa = PBXBuildFile; fileRef = 6A7E8D5F26388B3F009E5C3B /* WelcomeButtons.swift */; };
		6A7E8D642638B2DA009E5C3B /* FacebookLogin in Frameworks */ = {isa = PBXBuildFile; productRef = 6A7E8D632638B2DA009E5C3B /* FacebookLogin */; };
		6A84E20E263346E4004E936A /* IParser.swift in Sources */ = {isa = PBXBuildFile; fileRef = 6A84E20D263346E4004E936A /* IParser.swift */; };
		6A84E2142634A90D004E936A /* SignUpParser.swift in Sources */ = {isa = PBXBuildFile; fileRef = 6A84E2132634A90D004E936A /* SignUpParser.swift */; };
		6A84E2182634A9DB004E936A /* IRequestSender.swift in Sources */ = {isa = PBXBuildFile; fileRef = 6A84E2172634A9DB004E936A /* IRequestSender.swift */; };
		6A84E21B2634AA08004E936A /* SignInRequestSender.swift in Sources */ = {isa = PBXBuildFile; fileRef = 6A84E21A2634AA08004E936A /* SignInRequestSender.swift */; };
		6A84E21F2634B0BB004E936A /* RequestFactory.swift in Sources */ = {isa = PBXBuildFile; fileRef = 6A84E21E2634B0BB004E936A /* RequestFactory.swift */; };
		6A84E2232634B184004E936A /* NetworkServiceProtocol.swift in Sources */ = {isa = PBXBuildFile; fileRef = 6A84E2222634B184004E936A /* NetworkServiceProtocol.swift */; };
		6A84E2262634B201004E936A /* NetworkService.swift in Sources */ = {isa = PBXBuildFile; fileRef = 6A84E2252634B201004E936A /* NetworkService.swift */; };
		6A84E2292634D90C004E936A /* NetworkErrors.swift in Sources */ = {isa = PBXBuildFile; fileRef = 6A84E2282634D90C004E936A /* NetworkErrors.swift */; };
		6A84E2312634DA4C004E936A /* RequestConfigue.swift in Sources */ = {isa = PBXBuildFile; fileRef = 6A84E2302634DA4C004E936A /* RequestConfigue.swift */; };
		6A84E23A2634DD71004E936A /* UserDataModel.swift in Sources */ = {isa = PBXBuildFile; fileRef = 6A84E2392634DD71004E936A /* UserDataModel.swift */; };
		6A84E2602635A717004E936A /* HUDProgressView.swift in Sources */ = {isa = PBXBuildFile; fileRef = 6A84E25F2635A717004E936A /* HUDProgressView.swift */; };
		6A9E58DB263841C3003BBECB /* SignCustomAlert.swift in Sources */ = {isa = PBXBuildFile; fileRef = 6A9E58DA263841C3003BBECB /* SignCustomAlert.swift */; };
		6AA43A33262C803A0011E3E2 /* UIScreen+Frame.swift in Sources */ = {isa = PBXBuildFile; fileRef = 6AA43A32262C80390011E3E2 /* UIScreen+Frame.swift */; };
		6AA43A37262CB4C50011E3E2 /* SignValidationTextFields.swift in Sources */ = {isa = PBXBuildFile; fileRef = 6AA43A36262CB4C50011E3E2 /* SignValidationTextFields.swift */; };
		6AA43A40262CB6150011E3E2 /* ServiceAssemblyProtocol.swift in Sources */ = {isa = PBXBuildFile; fileRef = 6AA43A3F262CB6150011E3E2 /* ServiceAssemblyProtocol.swift */; };
		6AA43A44262CB6670011E3E2 /* ServiceAssembly.swift in Sources */ = {isa = PBXBuildFile; fileRef = 6AA43A43262CB6670011E3E2 /* ServiceAssembly.swift */; };
		6AA43A49262CB6C10011E3E2 /* RootAssembly.swift in Sources */ = {isa = PBXBuildFile; fileRef = 6AA43A48262CB6C10011E3E2 /* RootAssembly.swift */; };
		6AA43A4C262CB6D00011E3E2 /* RootAssemblyProtocol.swift in Sources */ = {isa = PBXBuildFile; fileRef = 6AA43A4B262CB6D00011E3E2 /* RootAssemblyProtocol.swift */; };
		6AA7DC52263611A8000AC318 /* SignInButtons.swift in Sources */ = {isa = PBXBuildFile; fileRef = 6AA7DC51263611A8000AC318 /* SignInButtons.swift */; };
		6AA7DC57263611D2000AC318 /* SignInProtocol.swift in Sources */ = {isa = PBXBuildFile; fileRef = 6AA7DC56263611D2000AC318 /* SignInProtocol.swift */; };
		6AA7DC5B263611EB000AC318 /* SignInModel.swift in Sources */ = {isa = PBXBuildFile; fileRef = 6AA7DC5A263611EB000AC318 /* SignInModel.swift */; };
		6AA7DC5E26361240000AC318 /* SignImageViews.swift in Sources */ = {isa = PBXBuildFile; fileRef = 6AA7DC5D26361240000AC318 /* SignImageViews.swift */; };
		6AA8E782264595C800ACDC22 /* ProfileMainView.swift in Sources */ = {isa = PBXBuildFile; fileRef = 6AA8E781264595C800ACDC22 /* ProfileMainView.swift */; };
		6AA8E787264597DE00ACDC22 /* ProfileModel.swift in Sources */ = {isa = PBXBuildFile; fileRef = 6AA8E786264597DE00ACDC22 /* ProfileModel.swift */; };
		6AA8E78B2645A25D00ACDC22 /* ViewedGETParser.swift in Sources */ = {isa = PBXBuildFile; fileRef = 6AA8E78A2645A25D00ACDC22 /* ViewedGETParser.swift */; };
		6AA8E78E2645A2DC00ACDC22 /* ViewedRequestSender.swift in Sources */ = {isa = PBXBuildFile; fileRef = 6AA8E78D2645A2DC00ACDC22 /* ViewedRequestSender.swift */; };
		6AA8E7912645A33A00ACDC22 /* FavoritesRequestSender.swift in Sources */ = {isa = PBXBuildFile; fileRef = 6AA8E7902645A33A00ACDC22 /* FavoritesRequestSender.swift */; };
		6AAC414326401B8B006BC4F2 /* CourseParsedDataModel.swift in Sources */ = {isa = PBXBuildFile; fileRef = 6AAC414226401B8B006BC4F2 /* CourseParsedDataModel.swift */; };
		6AAC414726401EDC006BC4F2 /* CourseRequest.swift in Sources */ = {isa = PBXBuildFile; fileRef = 6AAC414626401EDC006BC4F2 /* CourseRequest.swift */; };
		6AAC414B2640202E006BC4F2 /* CourseParser.swift in Sources */ = {isa = PBXBuildFile; fileRef = 6AAC414A2640202E006BC4F2 /* CourseParser.swift */; };
		6AAC414F2640206F006BC4F2 /* GeneralCourseResponseDataModel.swift in Sources */ = {isa = PBXBuildFile; fileRef = 6AAC414E2640206F006BC4F2 /* GeneralCourseResponseDataModel.swift */; };
		6AAC415726402508006BC4F2 /* CourseRequestSender.swift in Sources */ = {isa = PBXBuildFile; fileRef = 6AAC415626402508006BC4F2 /* CourseRequestSender.swift */; };
		6AAC415D264027FB006BC4F2 /* NetworkService+Courses.swift in Sources */ = {isa = PBXBuildFile; fileRef = 6AAC415C264027FB006BC4F2 /* NetworkService+Courses.swift */; };
		6AC420E9263D613A00320D4E /* TokenRequestSender.swift in Sources */ = {isa = PBXBuildFile; fileRef = 6AC420E8263D613A00320D4E /* TokenRequestSender.swift */; };
		6ADD20202642AA8700D3AF70 /* FavoriteRequest.swift in Sources */ = {isa = PBXBuildFile; fileRef = 6ADD201F2642AA8700D3AF70 /* FavoriteRequest.swift */; };
		6ADD20242642AD8C00D3AF70 /* FavoritesPOST+DELETE.swift in Sources */ = {isa = PBXBuildFile; fileRef = 6ADD20232642AD8C00D3AF70 /* FavoritesPOST+DELETE.swift */; };
		6ADD202D2642AF3E00D3AF70 /* FavoritesGETParser.swift in Sources */ = {isa = PBXBuildFile; fileRef = 6ADD202C2642AF3E00D3AF70 /* FavoritesGETParser.swift */; };
		6ADD20302642AFC400D3AF70 /* FavoritesIntercationRequestSender.swift in Sources */ = {isa = PBXBuildFile; fileRef = 6ADD202F2642AFC400D3AF70 /* FavoritesIntercationRequestSender.swift */; };
		6ADD20332642B2B200D3AF70 /* NetworkService+Favorites.swift in Sources */ = {isa = PBXBuildFile; fileRef = 6ADD20322642B2B200D3AF70 /* NetworkService+Favorites.swift */; };
		6ADD20382642D88B00D3AF70 /* ViewedRequest.swift in Sources */ = {isa = PBXBuildFile; fileRef = 6ADD20372642D88B00D3AF70 /* ViewedRequest.swift */; };
		6ADD203D2642D98100D3AF70 /* ViewedPOST+DELETE.swift in Sources */ = {isa = PBXBuildFile; fileRef = 6ADD203C2642D98100D3AF70 /* ViewedPOST+DELETE.swift */; };
		6ADD20442642D9E300D3AF70 /* ViewedInteractionRequestSender.swift in Sources */ = {isa = PBXBuildFile; fileRef = 6ADD20432642D9E300D3AF70 /* ViewedInteractionRequestSender.swift */; };
		6ADD20482642DB4600D3AF70 /* NetworkService+Viewed.swift in Sources */ = {isa = PBXBuildFile; fileRef = 6ADD20472642DB4600D3AF70 /* NetworkService+Viewed.swift */; };
		6ADD204B2642EF8800D3AF70 /* CommentItem.swift in Sources */ = {isa = PBXBuildFile; fileRef = 6ADD204A2642EF8800D3AF70 /* CommentItem.swift */; };
		6ADD204F2642F4AD00D3AF70 /* InformationSavingHandler.swift in Sources */ = {isa = PBXBuildFile; fileRef = 6ADD204E2642F4AD00D3AF70 /* InformationSavingHandler.swift */; };
		6ADD20532642F63400D3AF70 /* InformationSavingHandlerProtocol.swift in Sources */ = {isa = PBXBuildFile; fileRef = 6ADD20522642F63400D3AF70 /* InformationSavingHandlerProtocol.swift */; };
		6ADD20572642F6C100D3AF70 /* InformationService.swift in Sources */ = {isa = PBXBuildFile; fileRef = 6ADD20562642F6C100D3AF70 /* InformationService.swift */; };
		6ADD205A2642F73A00D3AF70 /* InformationServiceProtocol.swift in Sources */ = {isa = PBXBuildFile; fileRef = 6ADD20592642F73A00D3AF70 /* InformationServiceProtocol.swift */; };
		6ADD205D2643026700D3AF70 /* ReviewsRequest.swift in Sources */ = {isa = PBXBuildFile; fileRef = 6ADD205C2643026700D3AF70 /* ReviewsRequest.swift */; };
		6ADD20612643045B00D3AF70 /* ReviewsGETParser.swift in Sources */ = {isa = PBXBuildFile; fileRef = 6ADD20602643045B00D3AF70 /* ReviewsGETParser.swift */; };
		6ADD2065264305B800D3AF70 /* ReviewsRequestSender.swift in Sources */ = {isa = PBXBuildFile; fileRef = 6ADD2064264305B800D3AF70 /* ReviewsRequestSender.swift */; };
		6ADD20682643071700D3AF70 /* NetworkService+Reviews.swift in Sources */ = {isa = PBXBuildFile; fileRef = 6ADD20672643071700D3AF70 /* NetworkService+Reviews.swift */; };
		6ADD206C26430E5400D3AF70 /* CourseReviewParsedDataModel.swift in Sources */ = {isa = PBXBuildFile; fileRef = 6ADD206B26430E5400D3AF70 /* CourseReviewParsedDataModel.swift */; };
		6ADD211426447AA100D3AF70 /* ReviewsPOST+DELETEParser.swift in Sources */ = {isa = PBXBuildFile; fileRef = 6ADD211326447AA000D3AF70 /* ReviewsPOST+DELETEParser.swift */; };
		6ADD211726447B1100D3AF70 /* ReviewsInteractionRequestSender.swift in Sources */ = {isa = PBXBuildFile; fileRef = 6ADD211626447B1100D3AF70 /* ReviewsInteractionRequestSender.swift */; };
		6ADD211A264484F500D3AF70 /* CreateReviewAlertView.swift in Sources */ = {isa = PBXBuildFile; fileRef = 6ADD2119264484F400D3AF70 /* CreateReviewAlertView.swift */; };
		6ADD211E2644963200D3AF70 /* StarRating in Frameworks */ = {isa = PBXBuildFile; productRef = 6ADD211D2644963200D3AF70 /* StarRating */; };
		6AF5D09926332E1700C165BE /* CoreLayerAssemblyProtocol.swift in Sources */ = {isa = PBXBuildFile; fileRef = 6AF5D09826332E1700C165BE /* CoreLayerAssemblyProtocol.swift */; };
		6AF5D09D26332E3700C165BE /* CoreLayerAssembly.swift in Sources */ = {isa = PBXBuildFile; fileRef = 6AF5D09C26332E3700C165BE /* CoreLayerAssembly.swift */; };
		6AF5D0A226332ECF00C165BE /* JWTTokenHandler.swift in Sources */ = {isa = PBXBuildFile; fileRef = 6AF5D0A126332ECF00C165BE /* JWTTokenHandler.swift */; };
		6AF5D0A626332FC200C165BE /* KeyChainWrapperProtocol.swift in Sources */ = {isa = PBXBuildFile; fileRef = 6AF5D0A526332FC200C165BE /* KeyChainWrapperProtocol.swift */; };
		6AF5D0AA2633352800C165BE /* Logger.swift in Sources */ = {isa = PBXBuildFile; fileRef = 6AF5D0A92633352800C165BE /* Logger.swift */; };
		6AF5D0AF26333F5500C165BE /* IRequest.swift in Sources */ = {isa = PBXBuildFile; fileRef = 6AF5D0AE26333F5500C165BE /* IRequest.swift */; };
/* End PBXBuildFile section */

/* Begin PBXFileReference section */
		6A070001263B3BFC002B84B5 /* SearchMainView.swift */ = {isa = PBXFileReference; lastKnownFileType = sourcecode.swift; path = SearchMainView.swift; sourceTree = "<group>"; };
		6A070007263B3DF4002B84B5 /* SearchTableItemView.swift */ = {isa = PBXFileReference; lastKnownFileType = sourcecode.swift; path = SearchTableItemView.swift; sourceTree = "<group>"; };
		6A1483802635FB13008BF165 /* SignUpModelProtocol.swift */ = {isa = PBXFileReference; lastKnownFileType = sourcecode.swift; path = SignUpModelProtocol.swift; sourceTree = "<group>"; };
		6A253AE12636E866003353E0 /* AuthRequest.swift */ = {isa = PBXFileReference; lastKnownFileType = sourcecode.swift; path = AuthRequest.swift; sourceTree = "<group>"; };
		6A36AE6C2635EE4E0033660C /* SignUpModel.swift */ = {isa = PBXFileReference; lastKnownFileType = sourcecode.swift; path = SignUpModel.swift; sourceTree = "<group>"; };
		6A37AEA4263EA3930051DBC7 /* ChipsView.swift */ = {isa = PBXFileReference; lastKnownFileType = sourcecode.swift; path = ChipsView.swift; sourceTree = "<group>"; };
		6A37AEA7263EB8100051DBC7 /* SearchCellDataModel.swift */ = {isa = PBXFileReference; lastKnownFileType = sourcecode.swift; path = SearchCellDataModel.swift; sourceTree = "<group>"; };
		6A37AEAA263EDB8C0051DBC7 /* SearchButtons.swift */ = {isa = PBXFileReference; lastKnownFileType = sourcecode.swift; path = SearchButtons.swift; sourceTree = "<group>"; };
		6A37AEAD263EE34F0051DBC7 /* SearchQueryDataModel.swift */ = {isa = PBXFileReference; lastKnownFileType = sourcecode.swift; path = SearchQueryDataModel.swift; sourceTree = "<group>"; };
		6A4B2788262C4EB600EFF317 /* MOOC-Project.app */ = {isa = PBXFileReference; explicitFileType = wrapper.application; includeInIndex = 0; path = "MOOC-Project.app"; sourceTree = BUILT_PRODUCTS_DIR; };
		6A4B278B262C4EB600EFF317 /* AppDelegate.swift */ = {isa = PBXFileReference; lastKnownFileType = sourcecode.swift; path = AppDelegate.swift; sourceTree = "<group>"; };
		6A4B278D262C4EB600EFF317 /* SceneDelegate.swift */ = {isa = PBXFileReference; lastKnownFileType = sourcecode.swift; path = SceneDelegate.swift; sourceTree = "<group>"; };
		6A4B278F262C4EB600EFF317 /* ContentView.swift */ = {isa = PBXFileReference; lastKnownFileType = sourcecode.swift; path = ContentView.swift; sourceTree = "<group>"; };
		6A4B2794262C4EBA00EFF317 /* Preview Assets.xcassets */ = {isa = PBXFileReference; lastKnownFileType = folder.assetcatalog; path = "Preview Assets.xcassets"; sourceTree = "<group>"; };
		6A4B2797262C4EBA00EFF317 /* Base */ = {isa = PBXFileReference; lastKnownFileType = file.storyboard; name = Base; path = Base.lproj/LaunchScreen.storyboard; sourceTree = "<group>"; };
		6A4B2799262C4EBA00EFF317 /* Info.plist */ = {isa = PBXFileReference; lastKnownFileType = text.plist.xml; path = Info.plist; sourceTree = "<group>"; };
		6A4B27A1262C4F1400EFF317 /* Assets.xcassets */ = {isa = PBXFileReference; lastKnownFileType = folder.assetcatalog; path = Assets.xcassets; sourceTree = "<group>"; };
		6A4FBB842638639300F414BE /* SessionService.swift */ = {isa = PBXFileReference; lastKnownFileType = sourcecode.swift; path = SessionService.swift; sourceTree = "<group>"; };
		6A4FBB89263863F300F414BE /* SessionSaveHandler.swift */ = {isa = PBXFileReference; lastKnownFileType = sourcecode.swift; path = SessionSaveHandler.swift; sourceTree = "<group>"; };
		6A4FBB8E2638672E00F414BE /* SessionSaveHandlerProtocol.swift */ = {isa = PBXFileReference; lastKnownFileType = sourcecode.swift; path = SessionSaveHandlerProtocol.swift; sourceTree = "<group>"; };
		6A4FBB912638680600F414BE /* SessionServiceProtocol.swift */ = {isa = PBXFileReference; lastKnownFileType = sourcecode.swift; path = SessionServiceProtocol.swift; sourceTree = "<group>"; };
		6A600FF62636EB3B0008251E /* SignInParser.swift */ = {isa = PBXFileReference; lastKnownFileType = sourcecode.swift; path = SignInParser.swift; sourceTree = "<group>"; };
		6A600FFA2636EBC30008251E /* SignUpRequestSender.swift */ = {isa = PBXFileReference; lastKnownFileType = sourcecode.swift; path = SignUpRequestSender.swift; sourceTree = "<group>"; };
		6A600FFD2636FA220008251E /* JWTTokenHandlerProtocol.swift */ = {isa = PBXFileReference; lastKnownFileType = sourcecode.swift; path = JWTTokenHandlerProtocol.swift; sourceTree = "<group>"; };
		6A785B23262C72F20080C10D /* KeyChainErrors.swift */ = {isa = PBXFileReference; fileEncoding = 4; lastKnownFileType = sourcecode.swift; path = KeyChainErrors.swift; sourceTree = "<group>"; };
		6A785B24262C72F20080C10D /* KeyChainWrapper.swift */ = {isa = PBXFileReference; fileEncoding = 4; lastKnownFileType = sourcecode.swift; path = KeyChainWrapper.swift; sourceTree = "<group>"; };
		6A785B29262C72F20080C10D /* WelcomeCarouselView.swift */ = {isa = PBXFileReference; fileEncoding = 4; lastKnownFileType = sourcecode.swift; path = WelcomeCarouselView.swift; sourceTree = "<group>"; };
		6A785B2A262C72F20080C10D /* WelcomeImageViews.swift */ = {isa = PBXFileReference; fileEncoding = 4; lastKnownFileType = sourcecode.swift; path = WelcomeImageViews.swift; sourceTree = "<group>"; };
		6A785B2B262C72F20080C10D /* WelcomeTextViews.swift */ = {isa = PBXFileReference; fileEncoding = 4; lastKnownFileType = sourcecode.swift; path = WelcomeTextViews.swift; sourceTree = "<group>"; };
		6A785B2C262C72F20080C10D /* WelcomeView.swift */ = {isa = PBXFileReference; fileEncoding = 4; lastKnownFileType = sourcecode.swift; path = WelcomeView.swift; sourceTree = "<group>"; };
		6A785B2F262C72F20080C10D /* AuthChoosingImageViews.swift */ = {isa = PBXFileReference; fileEncoding = 4; lastKnownFileType = sourcecode.swift; path = AuthChoosingImageViews.swift; sourceTree = "<group>"; };
		6A785B30262C72F20080C10D /* AuthChoosingButtons.swift */ = {isa = PBXFileReference; fileEncoding = 4; lastKnownFileType = sourcecode.swift; path = AuthChoosingButtons.swift; sourceTree = "<group>"; };
		6A785B31262C72F20080C10D /* AuthChoosingTextViews.swift */ = {isa = PBXFileReference; fileEncoding = 4; lastKnownFileType = sourcecode.swift; path = AuthChoosingTextViews.swift; sourceTree = "<group>"; };
		6A785B32262C72F20080C10D /* AuthChoosingView.swift */ = {isa = PBXFileReference; fileEncoding = 4; lastKnownFileType = sourcecode.swift; path = AuthChoosingView.swift; sourceTree = "<group>"; };
		6A785B36262C72F20080C10D /* SignUpView.swift */ = {isa = PBXFileReference; fileEncoding = 4; lastKnownFileType = sourcecode.swift; path = SignUpView.swift; sourceTree = "<group>"; };
		6A785B39262C72F20080C10D /* SignTextFields.swift */ = {isa = PBXFileReference; fileEncoding = 4; lastKnownFileType = sourcecode.swift; path = SignTextFields.swift; sourceTree = "<group>"; };
		6A785B3A262C72F20080C10D /* SigntTextView.swift */ = {isa = PBXFileReference; fileEncoding = 4; lastKnownFileType = sourcecode.swift; path = SigntTextView.swift; sourceTree = "<group>"; };
		6A785B3B262C72F20080C10D /* SignUpButtons.swift */ = {isa = PBXFileReference; fileEncoding = 4; lastKnownFileType = sourcecode.swift; path = SignUpButtons.swift; sourceTree = "<group>"; };
		6A785B3C262C72F20080C10D /* SignInView.swift */ = {isa = PBXFileReference; fileEncoding = 4; lastKnownFileType = sourcecode.swift; path = SignInView.swift; sourceTree = "<group>"; };
		6A7A087E263D6537005A681E /* RefreshTokenResponse.swift */ = {isa = PBXFileReference; lastKnownFileType = sourcecode.swift; path = RefreshTokenResponse.swift; sourceTree = "<group>"; };
		6A7A0881263D72A6005A681E /* LogOutParser.swift */ = {isa = PBXFileReference; lastKnownFileType = sourcecode.swift; path = LogOutParser.swift; sourceTree = "<group>"; };
		6A7A0884263D7306005A681E /* LogOutRequestSender.swift */ = {isa = PBXFileReference; lastKnownFileType = sourcecode.swift; path = LogOutRequestSender.swift; sourceTree = "<group>"; };
		6A7A0887263D7B3B005A681E /* CoursesRequest.swift */ = {isa = PBXFileReference; lastKnownFileType = sourcecode.swift; path = CoursesRequest.swift; sourceTree = "<group>"; };
		6A7A088A263D7FAC005A681E /* CoursesParser.swift */ = {isa = PBXFileReference; lastKnownFileType = sourcecode.swift; path = CoursesParser.swift; sourceTree = "<group>"; };
		6A7A08A4263D8E83005A681E /* CoursesRequestSender.swift */ = {isa = PBXFileReference; lastKnownFileType = sourcecode.swift; path = CoursesRequestSender.swift; sourceTree = "<group>"; };
		6A7A08AB263DBF7D005A681E /* SearchTextField.swift */ = {isa = PBXFileReference; lastKnownFileType = sourcecode.swift; path = SearchTextField.swift; sourceTree = "<group>"; };
		6A7A08B3263DE253005A681E /* ChipDataModel.swift */ = {isa = PBXFileReference; lastKnownFileType = sourcecode.swift; path = ChipDataModel.swift; sourceTree = "<group>"; };
		6A7A08B6263DEB89005A681E /* SearchModel.swift */ = {isa = PBXFileReference; lastKnownFileType = sourcecode.swift; path = SearchModel.swift; sourceTree = "<group>"; };
		6A7A08B9263DEDE0005A681E /* CategoriesReuest.swift */ = {isa = PBXFileReference; lastKnownFileType = sourcecode.swift; path = CategoriesReuest.swift; sourceTree = "<group>"; };
		6A7A08BD263DEE42005A681E /* CategoriesParser.swift */ = {isa = PBXFileReference; lastKnownFileType = sourcecode.swift; path = CategoriesParser.swift; sourceTree = "<group>"; };
		6A7A08C2263DEEE2005A681E /* CategoriesRequestSender.swift */ = {isa = PBXFileReference; lastKnownFileType = sourcecode.swift; path = CategoriesRequestSender.swift; sourceTree = "<group>"; };
		6A7CBC96263EF6EF00C384C2 /* SearchFullPage.swift */ = {isa = PBXFileReference; lastKnownFileType = sourcecode.swift; path = SearchFullPage.swift; sourceTree = "<group>"; };
		6A7E8D5F26388B3F009E5C3B /* WelcomeButtons.swift */ = {isa = PBXFileReference; lastKnownFileType = sourcecode.swift; path = WelcomeButtons.swift; sourceTree = "<group>"; };
		6A84E20D263346E4004E936A /* IParser.swift */ = {isa = PBXFileReference; lastKnownFileType = sourcecode.swift; path = IParser.swift; sourceTree = "<group>"; };
		6A84E2132634A90D004E936A /* SignUpParser.swift */ = {isa = PBXFileReference; lastKnownFileType = sourcecode.swift; path = SignUpParser.swift; sourceTree = "<group>"; };
		6A84E2172634A9DB004E936A /* IRequestSender.swift */ = {isa = PBXFileReference; lastKnownFileType = sourcecode.swift; path = IRequestSender.swift; sourceTree = "<group>"; };
		6A84E21A2634AA08004E936A /* SignInRequestSender.swift */ = {isa = PBXFileReference; lastKnownFileType = sourcecode.swift; path = SignInRequestSender.swift; sourceTree = "<group>"; };
		6A84E21E2634B0BB004E936A /* RequestFactory.swift */ = {isa = PBXFileReference; lastKnownFileType = sourcecode.swift; path = RequestFactory.swift; sourceTree = "<group>"; };
		6A84E2222634B184004E936A /* NetworkServiceProtocol.swift */ = {isa = PBXFileReference; lastKnownFileType = sourcecode.swift; path = NetworkServiceProtocol.swift; sourceTree = "<group>"; };
		6A84E2252634B201004E936A /* NetworkService.swift */ = {isa = PBXFileReference; lastKnownFileType = sourcecode.swift; path = NetworkService.swift; sourceTree = "<group>"; };
		6A84E2282634D90C004E936A /* NetworkErrors.swift */ = {isa = PBXFileReference; lastKnownFileType = sourcecode.swift; path = NetworkErrors.swift; sourceTree = "<group>"; };
		6A84E2302634DA4C004E936A /* RequestConfigue.swift */ = {isa = PBXFileReference; lastKnownFileType = sourcecode.swift; path = RequestConfigue.swift; sourceTree = "<group>"; };
		6A84E2392634DD71004E936A /* UserDataModel.swift */ = {isa = PBXFileReference; lastKnownFileType = sourcecode.swift; path = UserDataModel.swift; sourceTree = "<group>"; };
		6A84E25F2635A717004E936A /* HUDProgressView.swift */ = {isa = PBXFileReference; lastKnownFileType = sourcecode.swift; path = HUDProgressView.swift; sourceTree = "<group>"; };
		6A9E58DA263841C3003BBECB /* SignCustomAlert.swift */ = {isa = PBXFileReference; lastKnownFileType = sourcecode.swift; path = SignCustomAlert.swift; sourceTree = "<group>"; };
		6AA43A32262C80390011E3E2 /* UIScreen+Frame.swift */ = {isa = PBXFileReference; lastKnownFileType = sourcecode.swift; path = "UIScreen+Frame.swift"; sourceTree = "<group>"; };
		6AA43A36262CB4C50011E3E2 /* SignValidationTextFields.swift */ = {isa = PBXFileReference; lastKnownFileType = sourcecode.swift; path = SignValidationTextFields.swift; sourceTree = "<group>"; };
		6AA43A3F262CB6150011E3E2 /* ServiceAssemblyProtocol.swift */ = {isa = PBXFileReference; lastKnownFileType = sourcecode.swift; path = ServiceAssemblyProtocol.swift; sourceTree = "<group>"; };
		6AA43A43262CB6670011E3E2 /* ServiceAssembly.swift */ = {isa = PBXFileReference; lastKnownFileType = sourcecode.swift; path = ServiceAssembly.swift; sourceTree = "<group>"; };
		6AA43A48262CB6C10011E3E2 /* RootAssembly.swift */ = {isa = PBXFileReference; lastKnownFileType = sourcecode.swift; path = RootAssembly.swift; sourceTree = "<group>"; };
		6AA43A4B262CB6D00011E3E2 /* RootAssemblyProtocol.swift */ = {isa = PBXFileReference; lastKnownFileType = sourcecode.swift; path = RootAssemblyProtocol.swift; sourceTree = "<group>"; };
		6AA7DC51263611A8000AC318 /* SignInButtons.swift */ = {isa = PBXFileReference; lastKnownFileType = sourcecode.swift; path = SignInButtons.swift; sourceTree = "<group>"; };
		6AA7DC56263611D2000AC318 /* SignInProtocol.swift */ = {isa = PBXFileReference; lastKnownFileType = sourcecode.swift; path = SignInProtocol.swift; sourceTree = "<group>"; };
		6AA7DC5A263611EB000AC318 /* SignInModel.swift */ = {isa = PBXFileReference; lastKnownFileType = sourcecode.swift; path = SignInModel.swift; sourceTree = "<group>"; };
		6AA7DC5D26361240000AC318 /* SignImageViews.swift */ = {isa = PBXFileReference; lastKnownFileType = sourcecode.swift; path = SignImageViews.swift; sourceTree = "<group>"; };
		6AA8E781264595C800ACDC22 /* ProfileMainView.swift */ = {isa = PBXFileReference; lastKnownFileType = sourcecode.swift; path = ProfileMainView.swift; sourceTree = "<group>"; };
		6AA8E786264597DE00ACDC22 /* ProfileModel.swift */ = {isa = PBXFileReference; lastKnownFileType = sourcecode.swift; path = ProfileModel.swift; sourceTree = "<group>"; };
		6AA8E78A2645A25D00ACDC22 /* ViewedGETParser.swift */ = {isa = PBXFileReference; lastKnownFileType = sourcecode.swift; path = ViewedGETParser.swift; sourceTree = "<group>"; };
		6AA8E78D2645A2DC00ACDC22 /* ViewedRequestSender.swift */ = {isa = PBXFileReference; lastKnownFileType = sourcecode.swift; path = ViewedRequestSender.swift; sourceTree = "<group>"; };
		6AA8E7902645A33A00ACDC22 /* FavoritesRequestSender.swift */ = {isa = PBXFileReference; lastKnownFileType = sourcecode.swift; path = FavoritesRequestSender.swift; sourceTree = "<group>"; };
		6AAC414226401B8B006BC4F2 /* CourseParsedDataModel.swift */ = {isa = PBXFileReference; lastKnownFileType = sourcecode.swift; path = CourseParsedDataModel.swift; sourceTree = "<group>"; };
		6AAC414626401EDC006BC4F2 /* CourseRequest.swift */ = {isa = PBXFileReference; lastKnownFileType = sourcecode.swift; path = CourseRequest.swift; sourceTree = "<group>"; };
		6AAC414A2640202E006BC4F2 /* CourseParser.swift */ = {isa = PBXFileReference; lastKnownFileType = sourcecode.swift; path = CourseParser.swift; sourceTree = "<group>"; };
		6AAC414E2640206F006BC4F2 /* GeneralCourseResponseDataModel.swift */ = {isa = PBXFileReference; lastKnownFileType = sourcecode.swift; path = GeneralCourseResponseDataModel.swift; sourceTree = "<group>"; };
		6AAC415626402508006BC4F2 /* CourseRequestSender.swift */ = {isa = PBXFileReference; lastKnownFileType = sourcecode.swift; path = CourseRequestSender.swift; sourceTree = "<group>"; };
		6AAC415C264027FB006BC4F2 /* NetworkService+Courses.swift */ = {isa = PBXFileReference; lastKnownFileType = sourcecode.swift; path = "NetworkService+Courses.swift"; sourceTree = "<group>"; };
		6AC420E8263D613A00320D4E /* TokenRequestSender.swift */ = {isa = PBXFileReference; lastKnownFileType = sourcecode.swift; path = TokenRequestSender.swift; sourceTree = "<group>"; };
		6ADD201F2642AA8700D3AF70 /* FavoriteRequest.swift */ = {isa = PBXFileReference; lastKnownFileType = sourcecode.swift; path = FavoriteRequest.swift; sourceTree = "<group>"; };
		6ADD20232642AD8C00D3AF70 /* FavoritesPOST+DELETE.swift */ = {isa = PBXFileReference; lastKnownFileType = sourcecode.swift; path = "FavoritesPOST+DELETE.swift"; sourceTree = "<group>"; };
		6ADD202C2642AF3E00D3AF70 /* FavoritesGETParser.swift */ = {isa = PBXFileReference; lastKnownFileType = sourcecode.swift; path = FavoritesGETParser.swift; sourceTree = "<group>"; };
		6ADD202F2642AFC400D3AF70 /* FavoritesIntercationRequestSender.swift */ = {isa = PBXFileReference; lastKnownFileType = sourcecode.swift; path = FavoritesIntercationRequestSender.swift; sourceTree = "<group>"; };
		6ADD20322642B2B200D3AF70 /* NetworkService+Favorites.swift */ = {isa = PBXFileReference; lastKnownFileType = sourcecode.swift; path = "NetworkService+Favorites.swift"; sourceTree = "<group>"; };
		6ADD20372642D88B00D3AF70 /* ViewedRequest.swift */ = {isa = PBXFileReference; lastKnownFileType = sourcecode.swift; path = ViewedRequest.swift; sourceTree = "<group>"; };
		6ADD203C2642D98100D3AF70 /* ViewedPOST+DELETE.swift */ = {isa = PBXFileReference; lastKnownFileType = sourcecode.swift; path = "ViewedPOST+DELETE.swift"; sourceTree = "<group>"; };
		6ADD20432642D9E300D3AF70 /* ViewedInteractionRequestSender.swift */ = {isa = PBXFileReference; lastKnownFileType = sourcecode.swift; path = ViewedInteractionRequestSender.swift; sourceTree = "<group>"; };
		6ADD20472642DB4600D3AF70 /* NetworkService+Viewed.swift */ = {isa = PBXFileReference; lastKnownFileType = sourcecode.swift; path = "NetworkService+Viewed.swift"; sourceTree = "<group>"; };
		6ADD204A2642EF8800D3AF70 /* CommentItem.swift */ = {isa = PBXFileReference; lastKnownFileType = sourcecode.swift; path = CommentItem.swift; sourceTree = "<group>"; };
		6ADD204E2642F4AD00D3AF70 /* InformationSavingHandler.swift */ = {isa = PBXFileReference; lastKnownFileType = sourcecode.swift; path = InformationSavingHandler.swift; sourceTree = "<group>"; };
		6ADD20522642F63400D3AF70 /* InformationSavingHandlerProtocol.swift */ = {isa = PBXFileReference; lastKnownFileType = sourcecode.swift; path = InformationSavingHandlerProtocol.swift; sourceTree = "<group>"; };
		6ADD20562642F6C100D3AF70 /* InformationService.swift */ = {isa = PBXFileReference; lastKnownFileType = sourcecode.swift; path = InformationService.swift; sourceTree = "<group>"; };
		6ADD20592642F73A00D3AF70 /* InformationServiceProtocol.swift */ = {isa = PBXFileReference; lastKnownFileType = sourcecode.swift; path = InformationServiceProtocol.swift; sourceTree = "<group>"; };
		6ADD205C2643026700D3AF70 /* ReviewsRequest.swift */ = {isa = PBXFileReference; lastKnownFileType = sourcecode.swift; path = ReviewsRequest.swift; sourceTree = "<group>"; };
		6ADD20602643045B00D3AF70 /* ReviewsGETParser.swift */ = {isa = PBXFileReference; lastKnownFileType = sourcecode.swift; path = ReviewsGETParser.swift; sourceTree = "<group>"; };
		6ADD2064264305B800D3AF70 /* ReviewsRequestSender.swift */ = {isa = PBXFileReference; lastKnownFileType = sourcecode.swift; path = ReviewsRequestSender.swift; sourceTree = "<group>"; };
		6ADD20672643071700D3AF70 /* NetworkService+Reviews.swift */ = {isa = PBXFileReference; lastKnownFileType = sourcecode.swift; path = "NetworkService+Reviews.swift"; sourceTree = "<group>"; };
		6ADD206B26430E5400D3AF70 /* CourseReviewParsedDataModel.swift */ = {isa = PBXFileReference; lastKnownFileType = sourcecode.swift; path = CourseReviewParsedDataModel.swift; sourceTree = "<group>"; };
		6ADD211326447AA000D3AF70 /* ReviewsPOST+DELETEParser.swift */ = {isa = PBXFileReference; lastKnownFileType = sourcecode.swift; path = "ReviewsPOST+DELETEParser.swift"; sourceTree = "<group>"; };
		6ADD211626447B1100D3AF70 /* ReviewsInteractionRequestSender.swift */ = {isa = PBXFileReference; lastKnownFileType = sourcecode.swift; path = ReviewsInteractionRequestSender.swift; sourceTree = "<group>"; };
		6ADD2119264484F400D3AF70 /* CreateReviewAlertView.swift */ = {isa = PBXFileReference; lastKnownFileType = sourcecode.swift; path = CreateReviewAlertView.swift; sourceTree = "<group>"; };
		6AF5D09826332E1700C165BE /* CoreLayerAssemblyProtocol.swift */ = {isa = PBXFileReference; lastKnownFileType = sourcecode.swift; path = CoreLayerAssemblyProtocol.swift; sourceTree = "<group>"; };
		6AF5D09C26332E3700C165BE /* CoreLayerAssembly.swift */ = {isa = PBXFileReference; lastKnownFileType = sourcecode.swift; path = CoreLayerAssembly.swift; sourceTree = "<group>"; };
		6AF5D0A126332ECF00C165BE /* JWTTokenHandler.swift */ = {isa = PBXFileReference; lastKnownFileType = sourcecode.swift; path = JWTTokenHandler.swift; sourceTree = "<group>"; };
		6AF5D0A526332FC200C165BE /* KeyChainWrapperProtocol.swift */ = {isa = PBXFileReference; lastKnownFileType = sourcecode.swift; path = KeyChainWrapperProtocol.swift; sourceTree = "<group>"; };
		6AF5D0A92633352800C165BE /* Logger.swift */ = {isa = PBXFileReference; lastKnownFileType = sourcecode.swift; path = Logger.swift; sourceTree = "<group>"; };
		6AF5D0AE26333F5500C165BE /* IRequest.swift */ = {isa = PBXFileReference; lastKnownFileType = sourcecode.swift; path = IRequest.swift; sourceTree = "<group>"; };
		7A84B9737CF7394C406FB25F /* Pods-MOOC-Project.debug.xcconfig */ = {isa = PBXFileReference; includeInIndex = 1; lastKnownFileType = text.xcconfig; name = "Pods-MOOC-Project.debug.xcconfig"; path = "Target Support Files/Pods-MOOC-Project/Pods-MOOC-Project.debug.xcconfig"; sourceTree = "<group>"; };
		8A5EB97568026A294C2C8323 /* Pods_MOOC_Project.framework */ = {isa = PBXFileReference; explicitFileType = wrapper.framework; includeInIndex = 0; path = Pods_MOOC_Project.framework; sourceTree = BUILT_PRODUCTS_DIR; };
		AA28F2588FFC002A562EA5CB /* Pods-MOOC-Project.release.xcconfig */ = {isa = PBXFileReference; includeInIndex = 1; lastKnownFileType = text.xcconfig; name = "Pods-MOOC-Project.release.xcconfig"; path = "Target Support Files/Pods-MOOC-Project/Pods-MOOC-Project.release.xcconfig"; sourceTree = "<group>"; };
/* End PBXFileReference section */

/* Begin PBXFrameworksBuildPhase section */
		6A4B2785262C4EB600EFF317 /* Frameworks */ = {
			isa = PBXFrameworksBuildPhase;
			buildActionMask = 2147483647;
			files = (
				6ADD211E2644963200D3AF70 /* StarRating in Frameworks */,
				6A7E8D642638B2DA009E5C3B /* FacebookLogin in Frameworks */,
				56510A1AA739225432414326 /* Pods_MOOC_Project.framework in Frameworks */,
			);
			runOnlyForDeploymentPostprocessing = 0;
		};
/* End PBXFrameworksBuildPhase section */

/* Begin PBXGroup section */
		6A070000263B3BE3002B84B5 /* Search */ = {
			isa = PBXGroup;
			children = (
				6A7A08AA263DBF5C005A681E /* SupportingFiles */,
				6A7A08A8263D993B005A681E /* SearchModel */,
				6A070005263B3D8C002B84B5 /* SearchTableItem */,
				6A070001263B3BFC002B84B5 /* SearchMainView.swift */,
			);
			path = Search;
			sourceTree = "<group>";
		};
		6A070005263B3D8C002B84B5 /* SearchTableItem */ = {
			isa = PBXGroup;
			children = (
				6A070007263B3DF4002B84B5 /* SearchTableItemView.swift */,
				6A7CBC96263EF6EF00C384C2 /* SearchFullPage.swift */,
			);
			path = SearchTableItem;
			sourceTree = "<group>";
		};
		6A14837F2635FAFB008BF165 /* SignUpModel */ = {
			isa = PBXGroup;
			children = (
				6A36AE6C2635EE4E0033660C /* SignUpModel.swift */,
				6A1483802635FB13008BF165 /* SignUpModelProtocol.swift */,
			);
			path = SignUpModel;
			sourceTree = "<group>";
		};
		6A1483842635FD18008BF165 /* SupportingFiles */ = {
			isa = PBXGroup;
			children = (
				6A785B3B262C72F20080C10D /* SignUpButtons.swift */,
			);
			path = SupportingFiles;
			sourceTree = "<group>";
		};
		6A4B277F262C4EB600EFF317 = {
			isa = PBXGroup;
			children = (
				6A4B278A262C4EB600EFF317 /* MOOC-Project */,
				6A4B2789262C4EB600EFF317 /* Products */,
				A70A126DAAAAF15B274CD606 /* Pods */,
				B0CE1DAAF86933DFD4C95E56 /* Frameworks */,
			);
			sourceTree = "<group>";
		};
		6A4B2789262C4EB600EFF317 /* Products */ = {
			isa = PBXGroup;
			children = (
				6A4B2788262C4EB600EFF317 /* MOOC-Project.app */,
			);
			name = Products;
			sourceTree = "<group>";
		};
		6A4B278A262C4EB600EFF317 /* MOOC-Project */ = {
			isa = PBXGroup;
			children = (
				6A84E2372634DD57004E936A /* SupportingFiles */,
				6AF5D094263322D100C165BE /* CoreLayer */,
				6AA43A47262CB6A00011E3E2 /* RootAssembly */,
				6A785B25262C72F20080C10D /* PresentationLayer */,
				6A785B21262C72F20080C10D /* ServiceLayer */,
				6A4B27CC262C503200EFF317 /* App */,
				6A4B278F262C4EB600EFF317 /* ContentView.swift */,
				6A4B2796262C4EBA00EFF317 /* LaunchScreen.storyboard */,
				6A4B2793262C4EBA00EFF317 /* Preview Content */,
			);
			path = "MOOC-Project";
			sourceTree = "<group>";
		};
		6A4B2793262C4EBA00EFF317 /* Preview Content */ = {
			isa = PBXGroup;
			children = (
				6A4B2794262C4EBA00EFF317 /* Preview Assets.xcassets */,
			);
			path = "Preview Content";
			sourceTree = "<group>";
		};
		6A4B27CB262C502700EFF317 /* Delegates */ = {
			isa = PBXGroup;
			children = (
				6A4B278B262C4EB600EFF317 /* AppDelegate.swift */,
				6A4B278D262C4EB600EFF317 /* SceneDelegate.swift */,
			);
			path = Delegates;
			sourceTree = "<group>";
		};
		6A4B27CC262C503200EFF317 /* App */ = {
			isa = PBXGroup;
			children = (
				6A4B2799262C4EBA00EFF317 /* Info.plist */,
				6A4B27A1262C4F1400EFF317 /* Assets.xcassets */,
				6A4B27CB262C502700EFF317 /* Delegates */,
			);
			path = App;
			sourceTree = "<group>";
		};
		6A4FBB832638636D00F414BE /* SessionService */ = {
			isa = PBXGroup;
			children = (
				6A4FBB842638639300F414BE /* SessionService.swift */,
				6A4FBB912638680600F414BE /* SessionServiceProtocol.swift */,
			);
			path = SessionService;
			sourceTree = "<group>";
		};
		6A4FBB88263863D800F414BE /* SessionSaveHandler */ = {
			isa = PBXGroup;
			children = (
				6A4FBB89263863F300F414BE /* SessionSaveHandler.swift */,
				6A4FBB8E2638672E00F414BE /* SessionSaveHandlerProtocol.swift */,
			);
			path = SessionSaveHandler;
			sourceTree = "<group>";
		};
		6A785B21262C72F20080C10D /* ServiceLayer */ = {
			isa = PBXGroup;
			children = (
				6AF5D0A82633351D00C165BE /* Logger */,
				6AA43A3E262CB6010011E3E2 /* Assembly */,
				6AA43A3C262CB5F90011E3E2 /* Services */,
			);
			path = ServiceLayer;
			sourceTree = "<group>";
		};
		6A785B22262C72F20080C10D /* KeyChainService */ = {
			isa = PBXGroup;
			children = (
				6A785B23262C72F20080C10D /* KeyChainErrors.swift */,
				6A785B24262C72F20080C10D /* KeyChainWrapper.swift */,
				6AF5D0A526332FC200C165BE /* KeyChainWrapperProtocol.swift */,
			);
			path = KeyChainService;
			sourceTree = "<group>";
		};
		6A785B25262C72F20080C10D /* PresentationLayer */ = {
			isa = PBXGroup;
			children = (
				6AA8E780264595A800ACDC22 /* Profile */,
				6A070000263B3BE3002B84B5 /* Search */,
				6A785B26262C72F20080C10D /* Authorization */,
			);
			path = PresentationLayer;
			sourceTree = "<group>";
		};
		6A785B26262C72F20080C10D /* Authorization */ = {
			isa = PBXGroup;
			children = (
				6A785B27262C72F20080C10D /* Welcome */,
				6A785B2D262C72F20080C10D /* AuthChoosing */,
				6A785B33262C72F20080C10D /* Auth */,
			);
			path = Authorization;
			sourceTree = "<group>";
		};
		6A785B27262C72F20080C10D /* Welcome */ = {
			isa = PBXGroup;
			children = (
				6A785B28262C72F20080C10D /* AdditionalViews */,
				6A785B2C262C72F20080C10D /* WelcomeView.swift */,
			);
			path = Welcome;
			sourceTree = "<group>";
		};
		6A785B28262C72F20080C10D /* AdditionalViews */ = {
			isa = PBXGroup;
			children = (
				6A785B29262C72F20080C10D /* WelcomeCarouselView.swift */,
				6A785B2A262C72F20080C10D /* WelcomeImageViews.swift */,
				6A785B2B262C72F20080C10D /* WelcomeTextViews.swift */,
				6A7E8D5F26388B3F009E5C3B /* WelcomeButtons.swift */,
			);
			path = AdditionalViews;
			sourceTree = "<group>";
		};
		6A785B2D262C72F20080C10D /* AuthChoosing */ = {
			isa = PBXGroup;
			children = (
				6A785B2E262C72F20080C10D /* AdditionalViews */,
				6A785B32262C72F20080C10D /* AuthChoosingView.swift */,
			);
			path = AuthChoosing;
			sourceTree = "<group>";
		};
		6A785B2E262C72F20080C10D /* AdditionalViews */ = {
			isa = PBXGroup;
			children = (
				6A785B2F262C72F20080C10D /* AuthChoosingImageViews.swift */,
				6A785B30262C72F20080C10D /* AuthChoosingButtons.swift */,
				6A785B31262C72F20080C10D /* AuthChoosingTextViews.swift */,
			);
			path = AdditionalViews;
			sourceTree = "<group>";
		};
		6A785B33262C72F20080C10D /* Auth */ = {
			isa = PBXGroup;
			children = (
				6A785B35262C72F20080C10D /* SingUp */,
				6A785B37262C72F20080C10D /* SignIn */,
				6A785B3D262C72F20080C10D /* SupportingFiles */,
			);
			path = Auth;
			sourceTree = "<group>";
		};
		6A785B35262C72F20080C10D /* SingUp */ = {
			isa = PBXGroup;
			children = (
				6A1483842635FD18008BF165 /* SupportingFiles */,
				6A14837F2635FAFB008BF165 /* SignUpModel */,
				6A785B36262C72F20080C10D /* SignUpView.swift */,
			);
			path = SingUp;
			sourceTree = "<group>";
		};
		6A785B37262C72F20080C10D /* SignIn */ = {
			isa = PBXGroup;
			children = (
				6AA7DC55263611BE000AC318 /* SignInModel */,
				6AA7DC4F26361132000AC318 /* SupportingFiles */,
				6A785B3C262C72F20080C10D /* SignInView.swift */,
			);
			path = SignIn;
			sourceTree = "<group>";
		};
		6A785B38262C72F20080C10D /* AdditionalViews */ = {
			isa = PBXGroup;
			children = (
				6A785B39262C72F20080C10D /* SignTextFields.swift */,
				6A785B3A262C72F20080C10D /* SigntTextView.swift */,
				6A84E25F2635A717004E936A /* HUDProgressView.swift */,
				6AA7DC5D26361240000AC318 /* SignImageViews.swift */,
				6A9E58DA263841C3003BBECB /* SignCustomAlert.swift */,
			);
			path = AdditionalViews;
			sourceTree = "<group>";
		};
		6A785B3D262C72F20080C10D /* SupportingFiles */ = {
			isa = PBXGroup;
			children = (
				6A785B38262C72F20080C10D /* AdditionalViews */,
				6AA43A32262C80390011E3E2 /* UIScreen+Frame.swift */,
			);
			path = SupportingFiles;
			sourceTree = "<group>";
		};
		6A7A088D263D866D005A681E /* AuthParsers */ = {
			isa = PBXGroup;
			children = (
				6A84E2132634A90D004E936A /* SignUpParser.swift */,
				6A600FF62636EB3B0008251E /* SignInParser.swift */,
				6A7A087E263D6537005A681E /* RefreshTokenResponse.swift */,
				6A7A0881263D72A6005A681E /* LogOutParser.swift */,
			);
			path = AuthParsers;
			sourceTree = "<group>";
		};
		6A7A088F263D8695005A681E /* CoursesParser */ = {
			isa = PBXGroup;
			children = (
				6A7A088A263D7FAC005A681E /* CoursesParser.swift */,
			);
			path = CoursesParser;
			sourceTree = "<group>";
		};
		6A7A08A1263D88B5005A681E /* AuthRequestSenders */ = {
			isa = PBXGroup;
			children = (
				6A84E21A2634AA08004E936A /* SignInRequestSender.swift */,
				6A600FFA2636EBC30008251E /* SignUpRequestSender.swift */,
				6AC420E8263D613A00320D4E /* TokenRequestSender.swift */,
				6A7A0884263D7306005A681E /* LogOutRequestSender.swift */,
			);
			path = AuthRequestSenders;
			sourceTree = "<group>";
		};
		6A7A08A3263D88C3005A681E /* CoursesRequestSenders */ = {
			isa = PBXGroup;
			children = (
				6A7A08A4263D8E83005A681E /* CoursesRequestSender.swift */,
				6AAC415626402508006BC4F2 /* CourseRequestSender.swift */,
			);
			path = CoursesRequestSenders;
			sourceTree = "<group>";
		};
		6A7A08A8263D993B005A681E /* SearchModel */ = {
			isa = PBXGroup;
			children = (
				6A7A08B6263DEB89005A681E /* SearchModel.swift */,
			);
			path = SearchModel;
			sourceTree = "<group>";
		};
		6A7A08AA263DBF5C005A681E /* SupportingFiles */ = {
			isa = PBXGroup;
			children = (
				6A7A08AB263DBF7D005A681E /* SearchTextField.swift */,
				6A37AEA4263EA3930051DBC7 /* ChipsView.swift */,
				6A37AEAA263EDB8C0051DBC7 /* SearchButtons.swift */,
				6ADD204A2642EF8800D3AF70 /* CommentItem.swift */,
				6ADD2119264484F400D3AF70 /* CreateReviewAlertView.swift */,
			);
			path = SupportingFiles;
			sourceTree = "<group>";
		};
		6A7A08BC263DEE29005A681E /* CategoriesParser */ = {
			isa = PBXGroup;
			children = (
				6A7A08BD263DEE42005A681E /* CategoriesParser.swift */,
			);
			path = CategoriesParser;
			sourceTree = "<group>";
		};
		6A7A08C1263DEEB8005A681E /* CategoriesRequestSender */ = {
			isa = PBXGroup;
			children = (
				6A7A08C2263DEEE2005A681E /* CategoriesRequestSender.swift */,
			);
			path = CategoriesRequestSender;
			sourceTree = "<group>";
		};
		6A84E20C263346CB004E936A /* Parser */ = {
			isa = PBXGroup;
			children = (
				6A84E22D2634D9E5004E936A /* ParserTypes */,
				6A84E20D263346E4004E936A /* IParser.swift */,
			);
			path = Parser;
			sourceTree = "<group>";
		};
		6A84E2162634A9C6004E936A /* RequestsSender */ = {
			isa = PBXGroup;
			children = (
				6A84E22C2634D9D5004E936A /* RequestSenderTypes */,
				6A84E2172634A9DB004E936A /* IRequestSender.swift */,
			);
			path = RequestsSender;
			sourceTree = "<group>";
		};
		6A84E2212634B167004E936A /* NetworkService */ = {
			isa = PBXGroup;
			children = (
				6AAC415B264027C9006BC4F2 /* NetworkServiceParts */,
				6A84E2222634B184004E936A /* NetworkServiceProtocol.swift */,
			);
			path = NetworkService;
			sourceTree = "<group>";
		};
		6A84E22B2634D9BE004E936A /* NetworkErrors */ = {
			isa = PBXGroup;
			children = (
				6A84E2282634D90C004E936A /* NetworkErrors.swift */,
			);
			path = NetworkErrors;
			sourceTree = "<group>";
		};
		6A84E22C2634D9D5004E936A /* RequestSenderTypes */ = {
			isa = PBXGroup;
			children = (
				6ADD20632643059400D3AF70 /* ReviewsRequestSender */,
				6ADD203A2642D96300D3AF70 /* ViewedRequestSender */,
				6ADD20272642AE8E00D3AF70 /* FavoritesRequestSender */,
				6A7A08C1263DEEB8005A681E /* CategoriesRequestSender */,
				6A7A08A3263D88C3005A681E /* CoursesRequestSenders */,
				6A7A08A1263D88B5005A681E /* AuthRequestSenders */,
			);
			path = RequestSenderTypes;
			sourceTree = "<group>";
		};
		6A84E22D2634D9E5004E936A /* ParserTypes */ = {
			isa = PBXGroup;
			children = (
				6ADD205F2643043E00D3AF70 /* ReviewsParser */,
				6ADD203B2642D97100D3AF70 /* ViewedParser */,
				6ADD20222642AD7200D3AF70 /* FavoritesParser */,
				6AAC414D2640204D006BC4F2 /* AdditionalDataModels */,
				6AAC41492640201A006BC4F2 /* CourseParser */,
				6A7A08BC263DEE29005A681E /* CategoriesParser */,
				6A7A088F263D8695005A681E /* CoursesParser */,
				6A7A088D263D866D005A681E /* AuthParsers */,
			);
			path = ParserTypes;
			sourceTree = "<group>";
		};
		6A84E22E2634D9F0004E936A /* RequestTypes */ = {
			isa = PBXGroup;
			children = (
				6A253AE12636E866003353E0 /* AuthRequest.swift */,
				6A7A0887263D7B3B005A681E /* CoursesRequest.swift */,
				6A7A08B9263DEDE0005A681E /* CategoriesReuest.swift */,
				6AAC414626401EDC006BC4F2 /* CourseRequest.swift */,
				6ADD201F2642AA8700D3AF70 /* FavoriteRequest.swift */,
				6ADD20372642D88B00D3AF70 /* ViewedRequest.swift */,
				6ADD205C2643026700D3AF70 /* ReviewsRequest.swift */,
			);
			path = RequestTypes;
			sourceTree = "<group>";
		};
		6A84E2362634DCB5004E936A /* Configue */ = {
			isa = PBXGroup;
			children = (
				6A84E2302634DA4C004E936A /* RequestConfigue.swift */,
			);
			path = Configue;
			sourceTree = "<group>";
		};
		6A84E2372634DD57004E936A /* SupportingFiles */ = {
			isa = PBXGroup;
			children = (
				6A84E2382634DD61004E936A /* DataModels */,
			);
			path = SupportingFiles;
			sourceTree = "<group>";
		};
		6A84E2382634DD61004E936A /* DataModels */ = {
			isa = PBXGroup;
			children = (
				6ADD206A26430E2B00D3AF70 /* CourseReviewsDataModel */,
				6AAC413F26401B0A006BC4F2 /* DetailedCourseInfo */,
				6A84E2392634DD71004E936A /* UserDataModel.swift */,
				6A7A08B3263DE253005A681E /* ChipDataModel.swift */,
				6A37AEA7263EB8100051DBC7 /* SearchCellDataModel.swift */,
				6A37AEAD263EE34F0051DBC7 /* SearchQueryDataModel.swift */,
			);
			path = DataModels;
			sourceTree = "<group>";
		};
		6AA43A3B262CB5D30011E3E2 /* SignValidation */ = {
			isa = PBXGroup;
			children = (
				6AA43A36262CB4C50011E3E2 /* SignValidationTextFields.swift */,
			);
			path = SignValidation;
			sourceTree = "<group>";
		};
		6AA43A3C262CB5F90011E3E2 /* Services */ = {
			isa = PBXGroup;
			children = (
				6ADD20552642F6A100D3AF70 /* InformationService */,
				6A4FBB832638636D00F414BE /* SessionService */,
				6A84E2212634B167004E936A /* NetworkService */,
				6AA43A4E262CC3780011E3E2 /* JWTService */,
				6AA43A3B262CB5D30011E3E2 /* SignValidation */,
				6A785B22262C72F20080C10D /* KeyChainService */,
			);
			path = Services;
			sourceTree = "<group>";
		};
		6AA43A3E262CB6010011E3E2 /* Assembly */ = {
			isa = PBXGroup;
			children = (
				6AA43A3F262CB6150011E3E2 /* ServiceAssemblyProtocol.swift */,
				6AA43A43262CB6670011E3E2 /* ServiceAssembly.swift */,
			);
			path = Assembly;
			sourceTree = "<group>";
		};
		6AA43A47262CB6A00011E3E2 /* RootAssembly */ = {
			isa = PBXGroup;
			children = (
				6AA43A48262CB6C10011E3E2 /* RootAssembly.swift */,
				6AA43A4B262CB6D00011E3E2 /* RootAssemblyProtocol.swift */,
			);
			path = RootAssembly;
			sourceTree = "<group>";
		};
		6AA43A4E262CC3780011E3E2 /* JWTService */ = {
			isa = PBXGroup;
			children = (
				6AF5D0A126332ECF00C165BE /* JWTTokenHandler.swift */,
				6A600FFD2636FA220008251E /* JWTTokenHandlerProtocol.swift */,
			);
			path = JWTService;
			sourceTree = "<group>";
		};
		6AA7DC4F26361132000AC318 /* SupportingFiles */ = {
			isa = PBXGroup;
			children = (
				6AA7DC51263611A8000AC318 /* SignInButtons.swift */,
			);
			path = SupportingFiles;
			sourceTree = "<group>";
		};
		6AA7DC55263611BE000AC318 /* SignInModel */ = {
			isa = PBXGroup;
			children = (
				6AA7DC56263611D2000AC318 /* SignInProtocol.swift */,
				6AA7DC5A263611EB000AC318 /* SignInModel.swift */,
			);
			path = SignInModel;
			sourceTree = "<group>";
		};
		6AA8E780264595A800ACDC22 /* Profile */ = {
			isa = PBXGroup;
			children = (
				6AA8E785264597B300ACDC22 /* ProfileModel */,
				6AA8E781264595C800ACDC22 /* ProfileMainView.swift */,
			);
			path = Profile;
			sourceTree = "<group>";
		};
		6AA8E785264597B300ACDC22 /* ProfileModel */ = {
			isa = PBXGroup;
			children = (
				6AA8E786264597DE00ACDC22 /* ProfileModel.swift */,
			);
			path = ProfileModel;
			sourceTree = "<group>";
		};
		6AAC413F26401B0A006BC4F2 /* DetailedCourseInfo */ = {
			isa = PBXGroup;
			children = (
				6AAC414226401B8B006BC4F2 /* CourseParsedDataModel.swift */,
			);
			path = DetailedCourseInfo;
			sourceTree = "<group>";
		};
		6AAC41492640201A006BC4F2 /* CourseParser */ = {
			isa = PBXGroup;
			children = (
				6AAC414A2640202E006BC4F2 /* CourseParser.swift */,
			);
			path = CourseParser;
			sourceTree = "<group>";
		};
		6AAC414D2640204D006BC4F2 /* AdditionalDataModels */ = {
			isa = PBXGroup;
			children = (
				6AAC414E2640206F006BC4F2 /* GeneralCourseResponseDataModel.swift */,
			);
			path = AdditionalDataModels;
			sourceTree = "<group>";
		};
		6AAC415B264027C9006BC4F2 /* NetworkServiceParts */ = {
			isa = PBXGroup;
			children = (
				6A84E2252634B201004E936A /* NetworkService.swift */,
				6AAC415C264027FB006BC4F2 /* NetworkService+Courses.swift */,
				6ADD20322642B2B200D3AF70 /* NetworkService+Favorites.swift */,
				6ADD20472642DB4600D3AF70 /* NetworkService+Viewed.swift */,
				6ADD20672643071700D3AF70 /* NetworkService+Reviews.swift */,
			);
			path = NetworkServiceParts;
			sourceTree = "<group>";
		};
		6ADD20222642AD7200D3AF70 /* FavoritesParser */ = {
			isa = PBXGroup;
			children = (
				6ADD20232642AD8C00D3AF70 /* FavoritesPOST+DELETE.swift */,
				6ADD202C2642AF3E00D3AF70 /* FavoritesGETParser.swift */,
			);
			path = FavoritesParser;
			sourceTree = "<group>";
		};
		6ADD20272642AE8E00D3AF70 /* FavoritesRequestSender */ = {
			isa = PBXGroup;
			children = (
				6ADD202F2642AFC400D3AF70 /* FavoritesIntercationRequestSender.swift */,
				6AA8E7902645A33A00ACDC22 /* FavoritesRequestSender.swift */,
			);
			path = FavoritesRequestSender;
			sourceTree = "<group>";
		};
		6ADD203A2642D96300D3AF70 /* ViewedRequestSender */ = {
			isa = PBXGroup;
			children = (
				6ADD20432642D9E300D3AF70 /* ViewedInteractionRequestSender.swift */,
				6AA8E78D2645A2DC00ACDC22 /* ViewedRequestSender.swift */,
			);
			path = ViewedRequestSender;
			sourceTree = "<group>";
		};
		6ADD203B2642D97100D3AF70 /* ViewedParser */ = {
			isa = PBXGroup;
			children = (
				6ADD203C2642D98100D3AF70 /* ViewedPOST+DELETE.swift */,
				6AA8E78A2645A25D00ACDC22 /* ViewedGETParser.swift */,
			);
			path = ViewedParser;
			sourceTree = "<group>";
		};
		6ADD204D2642F48000D3AF70 /* InformationSavingHandler */ = {
			isa = PBXGroup;
			children = (
				6ADD204E2642F4AD00D3AF70 /* InformationSavingHandler.swift */,
				6ADD20522642F63400D3AF70 /* InformationSavingHandlerProtocol.swift */,
			);
			path = InformationSavingHandler;
			sourceTree = "<group>";
		};
		6ADD20552642F6A100D3AF70 /* InformationService */ = {
			isa = PBXGroup;
			children = (
				6ADD20562642F6C100D3AF70 /* InformationService.swift */,
				6ADD20592642F73A00D3AF70 /* InformationServiceProtocol.swift */,
			);
			path = InformationService;
			sourceTree = "<group>";
		};
		6ADD205F2643043E00D3AF70 /* ReviewsParser */ = {
			isa = PBXGroup;
			children = (
				6ADD20602643045B00D3AF70 /* ReviewsGETParser.swift */,
				6ADD211326447AA000D3AF70 /* ReviewsPOST+DELETEParser.swift */,
			);
			path = ReviewsParser;
			sourceTree = "<group>";
		};
		6ADD20632643059400D3AF70 /* ReviewsRequestSender */ = {
			isa = PBXGroup;
			children = (
				6ADD2064264305B800D3AF70 /* ReviewsRequestSender.swift */,
				6ADD211626447B1100D3AF70 /* ReviewsInteractionRequestSender.swift */,
			);
			path = ReviewsRequestSender;
			sourceTree = "<group>";
		};
		6ADD206A26430E2B00D3AF70 /* CourseReviewsDataModel */ = {
			isa = PBXGroup;
			children = (
				6ADD206B26430E5400D3AF70 /* CourseReviewParsedDataModel.swift */,
			);
			path = CourseReviewsDataModel;
			sourceTree = "<group>";
		};
		6AF5D094263322D100C165BE /* CoreLayer */ = {
			isa = PBXGroup;
			children = (
				6AF5D09726332DFB00C165BE /* Assembly */,
				6AF5D09626332DC400C165BE /* Handlers */,
			);
			path = CoreLayer;
			sourceTree = "<group>";
		};
		6AF5D09626332DC400C165BE /* Handlers */ = {
			isa = PBXGroup;
			children = (
				6ADD204D2642F48000D3AF70 /* InformationSavingHandler */,
				6A4FBB88263863D800F414BE /* SessionSaveHandler */,
				6AF5D0A026332E6700C165BE /* NetworkHandler */,
			);
			path = Handlers;
			sourceTree = "<group>";
		};
		6AF5D09726332DFB00C165BE /* Assembly */ = {
			isa = PBXGroup;
			children = (
				6AF5D09826332E1700C165BE /* CoreLayerAssemblyProtocol.swift */,
				6AF5D09C26332E3700C165BE /* CoreLayerAssembly.swift */,
			);
			path = Assembly;
			sourceTree = "<group>";
		};
		6AF5D0A026332E6700C165BE /* NetworkHandler */ = {
			isa = PBXGroup;
			children = (
				6A84E2362634DCB5004E936A /* Configue */,
				6A84E22B2634D9BE004E936A /* NetworkErrors */,
				6A84E2162634A9C6004E936A /* RequestsSender */,
				6A84E20C263346CB004E936A /* Parser */,
				6AF5D0AD26333F4500C165BE /* Requests */,
				6A84E21E2634B0BB004E936A /* RequestFactory.swift */,
			);
			path = NetworkHandler;
			sourceTree = "<group>";
		};
		6AF5D0A82633351D00C165BE /* Logger */ = {
			isa = PBXGroup;
			children = (
				6AF5D0A92633352800C165BE /* Logger.swift */,
			);
			path = Logger;
			sourceTree = "<group>";
		};
		6AF5D0AD26333F4500C165BE /* Requests */ = {
			isa = PBXGroup;
			children = (
				6A84E22E2634D9F0004E936A /* RequestTypes */,
				6AF5D0AE26333F5500C165BE /* IRequest.swift */,
			);
			path = Requests;
			sourceTree = "<group>";
		};
		A70A126DAAAAF15B274CD606 /* Pods */ = {
			isa = PBXGroup;
			children = (
				7A84B9737CF7394C406FB25F /* Pods-MOOC-Project.debug.xcconfig */,
				AA28F2588FFC002A562EA5CB /* Pods-MOOC-Project.release.xcconfig */,
			);
			path = Pods;
			sourceTree = "<group>";
		};
		B0CE1DAAF86933DFD4C95E56 /* Frameworks */ = {
			isa = PBXGroup;
			children = (
				8A5EB97568026A294C2C8323 /* Pods_MOOC_Project.framework */,
			);
			name = Frameworks;
			sourceTree = "<group>";
		};
/* End PBXGroup section */

/* Begin PBXNativeTarget section */
		6A4B2787262C4EB600EFF317 /* MOOC-Project */ = {
			isa = PBXNativeTarget;
			buildConfigurationList = 6A4B279C262C4EBA00EFF317 /* Build configuration list for PBXNativeTarget "MOOC-Project" */;
			buildPhases = (
				3A352E28DF47B12D6C5852AA /* [CP] Check Pods Manifest.lock */,
				6A4B2784262C4EB600EFF317 /* Sources */,
				6A4B2785262C4EB600EFF317 /* Frameworks */,
				6A4B2786262C4EB600EFF317 /* Resources */,
				6AFA8AB02635F13A0084B1B4 /* ShellScript */,
			);
			buildRules = (
			);
			dependencies = (
			);
			name = "MOOC-Project";
			packageProductDependencies = (
				6A7E8D632638B2DA009E5C3B /* FacebookLogin */,
				6ADD211D2644963200D3AF70 /* StarRating */,
			);
			productName = "MOOC-Project";
			productReference = 6A4B2788262C4EB600EFF317 /* MOOC-Project.app */;
			productType = "com.apple.product-type.application";
		};
/* End PBXNativeTarget section */

/* Begin PBXProject section */
		6A4B2780262C4EB600EFF317 /* Project object */ = {
			isa = PBXProject;
			attributes = {
				LastSwiftUpdateCheck = 1240;
				LastUpgradeCheck = 1240;
				TargetAttributes = {
					6A4B2787262C4EB600EFF317 = {
						CreatedOnToolsVersion = 12.4;
					};
				};
			};
			buildConfigurationList = 6A4B2783262C4EB600EFF317 /* Build configuration list for PBXProject "MOOC-Project" */;
			compatibilityVersion = "Xcode 9.3";
			developmentRegion = en;
			hasScannedForEncodings = 0;
			knownRegions = (
				en,
				Base,
			);
			mainGroup = 6A4B277F262C4EB600EFF317;
			packageReferences = (
				6A7E8D622638B2DA009E5C3B /* XCRemoteSwiftPackageReference "facebook-ios-sdk" */,
				6ADD211C2644963100D3AF70 /* XCRemoteSwiftPackageReference "StarRating" */,
			);
			productRefGroup = 6A4B2789262C4EB600EFF317 /* Products */;
			projectDirPath = "";
			projectRoot = "";
			targets = (
				6A4B2787262C4EB600EFF317 /* MOOC-Project */,
			);
		};
/* End PBXProject section */

/* Begin PBXResourcesBuildPhase section */
		6A4B2786262C4EB600EFF317 /* Resources */ = {
			isa = PBXResourcesBuildPhase;
			buildActionMask = 2147483647;
			files = (
				6A4B2798262C4EBA00EFF317 /* LaunchScreen.storyboard in Resources */,
				6A4B27A2262C4F1400EFF317 /* Assets.xcassets in Resources */,
				6A4B2795262C4EBA00EFF317 /* Preview Assets.xcassets in Resources */,
			);
			runOnlyForDeploymentPostprocessing = 0;
		};
/* End PBXResourcesBuildPhase section */

/* Begin PBXShellScriptBuildPhase section */
		3A352E28DF47B12D6C5852AA /* [CP] Check Pods Manifest.lock */ = {
			isa = PBXShellScriptBuildPhase;
			buildActionMask = 2147483647;
			files = (
			);
			inputFileListPaths = (
			);
			inputPaths = (
				"${PODS_PODFILE_DIR_PATH}/Podfile.lock",
				"${PODS_ROOT}/Manifest.lock",
			);
			name = "[CP] Check Pods Manifest.lock";
			outputFileListPaths = (
			);
			outputPaths = (
				"$(DERIVED_FILE_DIR)/Pods-MOOC-Project-checkManifestLockResult.txt",
			);
			runOnlyForDeploymentPostprocessing = 0;
			shellPath = /bin/sh;
			shellScript = "diff \"${PODS_PODFILE_DIR_PATH}/Podfile.lock\" \"${PODS_ROOT}/Manifest.lock\" > /dev/null\nif [ $? != 0 ] ; then\n    # print error to STDERR\n    echo \"error: The sandbox is not in sync with the Podfile.lock. Run 'pod install' or update your CocoaPods installation.\" >&2\n    exit 1\nfi\n# This output is used by Xcode 'outputs' to avoid re-running this script phase.\necho \"SUCCESS\" > \"${SCRIPT_OUTPUT_FILE_0}\"\n";
			showEnvVarsInLog = 0;
		};
		6AFA8AB02635F13A0084B1B4 /* ShellScript */ = {
			isa = PBXShellScriptBuildPhase;
			buildActionMask = 2147483647;
			files = (
			);
			inputFileListPaths = (
			);
			inputPaths = (
			);
			outputFileListPaths = (
			);
			outputPaths = (
			);
			runOnlyForDeploymentPostprocessing = 0;
			shellPath = /bin/sh;
			shellScript = "if which \"${PODS_ROOT}/SwiftLint/swiftlint\" >/dev/null; then\n   ${PODS_ROOT}/SwiftLint/swiftlint\nelse\n    echo \"warning: SwiftLint not installed, download from https://github.com/realm/SwiftLint\"\nfi\n";
		};
/* End PBXShellScriptBuildPhase section */

/* Begin PBXSourcesBuildPhase section */
		6A4B2784262C4EB600EFF317 /* Sources */ = {
			isa = PBXSourcesBuildPhase;
			buildActionMask = 2147483647;
			files = (
				6A600FFB2636EBC30008251E /* SignUpRequestSender.swift in Sources */,
				6AAC414326401B8B006BC4F2 /* CourseParsedDataModel.swift in Sources */,
				6A7CBC97263EF6F000C384C2 /* SearchFullPage.swift in Sources */,
				6A84E21F2634B0BB004E936A /* RequestFactory.swift in Sources */,
				6AA7DC5E26361240000AC318 /* SignImageViews.swift in Sources */,
				6A7A08B7263DEB89005A681E /* SearchModel.swift in Sources */,
				6A785B42262C72F20080C10D /* WelcomeTextViews.swift in Sources */,
				6A4FBB852638639300F414BE /* SessionService.swift in Sources */,
				6A7A08B4263DE253005A681E /* ChipDataModel.swift in Sources */,
				6AAC415726402508006BC4F2 /* CourseRequestSender.swift in Sources */,
				6ADD211426447AA100D3AF70 /* ReviewsPOST+DELETEParser.swift in Sources */,
				6AA8E787264597DE00ACDC22 /* ProfileModel.swift in Sources */,
				6ADD20572642F6C100D3AF70 /* InformationService.swift in Sources */,
				6A785B45262C72F20080C10D /* AuthChoosingButtons.swift in Sources */,
				6AAC415D264027FB006BC4F2 /* NetworkService+Courses.swift in Sources */,
				6A84E21B2634AA08004E936A /* SignInRequestSender.swift in Sources */,
				6A84E2142634A90D004E936A /* SignUpParser.swift in Sources */,
				6A7A0888263D7B3B005A681E /* CoursesRequest.swift in Sources */,
				6A7A0882263D72A7005A681E /* LogOutParser.swift in Sources */,
				6A785B3E262C72F20080C10D /* KeyChainErrors.swift in Sources */,
				6AF5D0AF26333F5500C165BE /* IRequest.swift in Sources */,
				6AF5D0A626332FC200C165BE /* KeyChainWrapperProtocol.swift in Sources */,
				6AA7DC5B263611EB000AC318 /* SignInModel.swift in Sources */,
				6A84E2292634D90C004E936A /* NetworkErrors.swift in Sources */,
				6A600FF72636EB3B0008251E /* SignInParser.swift in Sources */,
				6A84E2602635A717004E936A /* HUDProgressView.swift in Sources */,
				6ADD204F2642F4AD00D3AF70 /* InformationSavingHandler.swift in Sources */,
				6AA8E78E2645A2DC00ACDC22 /* ViewedRequestSender.swift in Sources */,
				6A4B278C262C4EB600EFF317 /* AppDelegate.swift in Sources */,
				6A7A087F263D6537005A681E /* RefreshTokenResponse.swift in Sources */,
				6ADD205D2643026700D3AF70 /* ReviewsRequest.swift in Sources */,
				6A4FBB8F2638672F00F414BE /* SessionSaveHandlerProtocol.swift in Sources */,
				6A070008263B3DF4002B84B5 /* SearchTableItemView.swift in Sources */,
				6ADD205A2642F73A00D3AF70 /* InformationServiceProtocol.swift in Sources */,
				6AA8E7912645A33A00ACDC22 /* FavoritesRequestSender.swift in Sources */,
				6ADD20532642F63400D3AF70 /* InformationSavingHandlerProtocol.swift in Sources */,
				6AA8E782264595C800ACDC22 /* ProfileMainView.swift in Sources */,
				6A7A08BE263DEE42005A681E /* CategoriesParser.swift in Sources */,
				6ADD20442642D9E300D3AF70 /* ViewedInteractionRequestSender.swift in Sources */,
				6A253AE22636E866003353E0 /* AuthRequest.swift in Sources */,
				6AF5D0AA2633352800C165BE /* Logger.swift in Sources */,
				6A7A08C3263DEEE2005A681E /* CategoriesRequestSender.swift in Sources */,
				6ADD202D2642AF3E00D3AF70 /* FavoritesGETParser.swift in Sources */,
				6AA43A49262CB6C10011E3E2 /* RootAssembly.swift in Sources */,
				6A785B4A262C72F20080C10D /* SigntTextView.swift in Sources */,
				6A785B47262C72F20080C10D /* AuthChoosingView.swift in Sources */,
				6A9E58DB263841C3003BBECB /* SignCustomAlert.swift in Sources */,
				6A785B3F262C72F20080C10D /* KeyChainWrapper.swift in Sources */,
				6ADD20382642D88B00D3AF70 /* ViewedRequest.swift in Sources */,
				6AA43A44262CB6670011E3E2 /* ServiceAssembly.swift in Sources */,
				6A785B4B262C72F20080C10D /* SignUpButtons.swift in Sources */,
				6AA8E78B2645A25D00ACDC22 /* ViewedGETParser.swift in Sources */,
				6A84E20E263346E4004E936A /* IParser.swift in Sources */,
				6AA7DC52263611A8000AC318 /* SignInButtons.swift in Sources */,
				6A785B46262C72F20080C10D /* AuthChoosingTextViews.swift in Sources */,
				6AA43A40262CB6150011E3E2 /* ServiceAssemblyProtocol.swift in Sources */,
				6AF5D09926332E1700C165BE /* CoreLayerAssemblyProtocol.swift in Sources */,
				6A785B44262C72F20080C10D /* AuthChoosingImageViews.swift in Sources */,
				6A7A0885263D7306005A681E /* LogOutRequestSender.swift in Sources */,
				6AA7DC57263611D2000AC318 /* SignInProtocol.swift in Sources */,
				6ADD20612643045B00D3AF70 /* ReviewsGETParser.swift in Sources */,
				6A84E23A2634DD71004E936A /* UserDataModel.swift in Sources */,
				6ADD211A264484F500D3AF70 /* CreateReviewAlertView.swift in Sources */,
				6A7A08BA263DEDE0005A681E /* CategoriesReuest.swift in Sources */,
				6AF5D09D26332E3700C165BE /* CoreLayerAssembly.swift in Sources */,
				6A070002263B3BFC002B84B5 /* SearchMainView.swift in Sources */,
				6AAC414B2640202E006BC4F2 /* CourseParser.swift in Sources */,
				6AAC414726401EDC006BC4F2 /* CourseRequest.swift in Sources */,
				6A785B43262C72F20080C10D /* WelcomeView.swift in Sources */,
				6ADD211726447B1100D3AF70 /* ReviewsInteractionRequestSender.swift in Sources */,
				6A84E2312634DA4C004E936A /* RequestConfigue.swift in Sources */,
				6A785B41262C72F20080C10D /* WelcomeImageViews.swift in Sources */,
				6A1483812635FB13008BF165 /* SignUpModelProtocol.swift in Sources */,
				6AF5D0A226332ECF00C165BE /* JWTTokenHandler.swift in Sources */,
				6A7A08A5263D8E84005A681E /* CoursesRequestSender.swift in Sources */,
				6ADD203D2642D98100D3AF70 /* ViewedPOST+DELETE.swift in Sources */,
				6A84E2182634A9DB004E936A /* IRequestSender.swift in Sources */,
				6AAC414F2640206F006BC4F2 /* GeneralCourseResponseDataModel.swift in Sources */,
				6ADD20242642AD8C00D3AF70 /* FavoritesPOST+DELETE.swift in Sources */,
				6AA43A33262C803A0011E3E2 /* UIScreen+Frame.swift in Sources */,
				6ADD2065264305B800D3AF70 /* ReviewsRequestSender.swift in Sources */,
				6AA43A37262CB4C50011E3E2 /* SignValidationTextFields.swift in Sources */,
				6A785B49262C72F20080C10D /* SignTextFields.swift in Sources */,
				6A785B4C262C72F20080C10D /* SignInView.swift in Sources */,
				6AA43A4C262CB6D00011E3E2 /* RootAssemblyProtocol.swift in Sources */,
				6ADD206C26430E5400D3AF70 /* CourseReviewParsedDataModel.swift in Sources */,
				6A37AEAE263EE34F0051DBC7 /* SearchQueryDataModel.swift in Sources */,
				6A4FBB922638680600F414BE /* SessionServiceProtocol.swift in Sources */,
				6A7A088B263D7FAC005A681E /* CoursesParser.swift in Sources */,
				6ADD20302642AFC400D3AF70 /* FavoritesIntercationRequestSender.swift in Sources */,
				6A785B48262C72F20080C10D /* SignUpView.swift in Sources */,
				6ADD20682643071700D3AF70 /* NetworkService+Reviews.swift in Sources */,
				6A4B278E262C4EB600EFF317 /* SceneDelegate.swift in Sources */,
				6A84E2262634B201004E936A /* NetworkService.swift in Sources */,
				6A37AEAB263EDB8D0051DBC7 /* SearchButtons.swift in Sources */,
				6A4B2790262C4EB600EFF317 /* ContentView.swift in Sources */,
				6A785B40262C72F20080C10D /* WelcomeCarouselView.swift in Sources */,
				6AC420E9263D613A00320D4E /* TokenRequestSender.swift in Sources */,
				6A36AE6D2635EE4E0033660C /* SignUpModel.swift in Sources */,
				6A4FBB8A263863F300F414BE /* SessionSaveHandler.swift in Sources */,
				6ADD204B2642EF8800D3AF70 /* CommentItem.swift in Sources */,
				6ADD20332642B2B200D3AF70 /* NetworkService+Favorites.swift in Sources */,
				6ADD20482642DB4600D3AF70 /* NetworkService+Viewed.swift in Sources */,
				6A37AEA8263EB8100051DBC7 /* SearchCellDataModel.swift in Sources */,
				6A37AEA5263EA3930051DBC7 /* ChipsView.swift in Sources */,
				6A84E2232634B184004E936A /* NetworkServiceProtocol.swift in Sources */,
				6A600FFE2636FA220008251E /* JWTTokenHandlerProtocol.swift in Sources */,
				6A7E8D6026388B3F009E5C3B /* WelcomeButtons.swift in Sources */,
				6A7A08AC263DBF7D005A681E /* SearchTextField.swift in Sources */,
				6ADD20202642AA8700D3AF70 /* FavoriteRequest.swift in Sources */,
			);
			runOnlyForDeploymentPostprocessing = 0;
		};
/* End PBXSourcesBuildPhase section */

/* Begin PBXVariantGroup section */
		6A4B2796262C4EBA00EFF317 /* LaunchScreen.storyboard */ = {
			isa = PBXVariantGroup;
			children = (
				6A4B2797262C4EBA00EFF317 /* Base */,
			);
			name = LaunchScreen.storyboard;
			sourceTree = "<group>";
		};
/* End PBXVariantGroup section */

/* Begin XCBuildConfiguration section */
		6A4B279A262C4EBA00EFF317 /* Debug */ = {
			isa = XCBuildConfiguration;
			buildSettings = {
				ALWAYS_SEARCH_USER_PATHS = NO;
				CLANG_ANALYZER_NONNULL = YES;
				CLANG_ANALYZER_NUMBER_OBJECT_CONVERSION = YES_AGGRESSIVE;
				CLANG_CXX_LANGUAGE_STANDARD = "gnu++14";
				CLANG_CXX_LIBRARY = "libc++";
				CLANG_ENABLE_MODULES = YES;
				CLANG_ENABLE_OBJC_ARC = YES;
				CLANG_ENABLE_OBJC_WEAK = YES;
				CLANG_WARN_BLOCK_CAPTURE_AUTORELEASING = YES;
				CLANG_WARN_BOOL_CONVERSION = YES;
				CLANG_WARN_COMMA = YES;
				CLANG_WARN_CONSTANT_CONVERSION = YES;
				CLANG_WARN_DEPRECATED_OBJC_IMPLEMENTATIONS = YES;
				CLANG_WARN_DIRECT_OBJC_ISA_USAGE = YES_ERROR;
				CLANG_WARN_DOCUMENTATION_COMMENTS = YES;
				CLANG_WARN_EMPTY_BODY = YES;
				CLANG_WARN_ENUM_CONVERSION = YES;
				CLANG_WARN_INFINITE_RECURSION = YES;
				CLANG_WARN_INT_CONVERSION = YES;
				CLANG_WARN_NON_LITERAL_NULL_CONVERSION = YES;
				CLANG_WARN_OBJC_IMPLICIT_RETAIN_SELF = YES;
				CLANG_WARN_OBJC_LITERAL_CONVERSION = YES;
				CLANG_WARN_OBJC_ROOT_CLASS = YES_ERROR;
				CLANG_WARN_QUOTED_INCLUDE_IN_FRAMEWORK_HEADER = YES;
				CLANG_WARN_RANGE_LOOP_ANALYSIS = YES;
				CLANG_WARN_STRICT_PROTOTYPES = YES;
				CLANG_WARN_SUSPICIOUS_MOVE = YES;
				CLANG_WARN_UNGUARDED_AVAILABILITY = YES_AGGRESSIVE;
				CLANG_WARN_UNREACHABLE_CODE = YES;
				CLANG_WARN__DUPLICATE_METHOD_MATCH = YES;
				COPY_PHASE_STRIP = NO;
				DEBUG_INFORMATION_FORMAT = dwarf;
				ENABLE_STRICT_OBJC_MSGSEND = YES;
				ENABLE_TESTABILITY = YES;
				GCC_C_LANGUAGE_STANDARD = gnu11;
				GCC_DYNAMIC_NO_PIC = NO;
				GCC_NO_COMMON_BLOCKS = YES;
				GCC_OPTIMIZATION_LEVEL = 0;
				GCC_PREPROCESSOR_DEFINITIONS = (
					"DEBUG=1",
					"$(inherited)",
				);
				GCC_WARN_64_TO_32_BIT_CONVERSION = YES;
				GCC_WARN_ABOUT_RETURN_TYPE = YES_ERROR;
				GCC_WARN_UNDECLARED_SELECTOR = YES;
				GCC_WARN_UNINITIALIZED_AUTOS = YES_AGGRESSIVE;
				GCC_WARN_UNUSED_FUNCTION = YES;
				GCC_WARN_UNUSED_VARIABLE = YES;
				IPHONEOS_DEPLOYMENT_TARGET = 14.1;
				MTL_ENABLE_DEBUG_INFO = INCLUDE_SOURCE;
				MTL_FAST_MATH = YES;
				ONLY_ACTIVE_ARCH = YES;
				SDKROOT = iphoneos;
				SWIFT_ACTIVE_COMPILATION_CONDITIONS = DEBUG;
				SWIFT_OPTIMIZATION_LEVEL = "-Onone";
			};
			name = Debug;
		};
		6A4B279B262C4EBA00EFF317 /* Release */ = {
			isa = XCBuildConfiguration;
			buildSettings = {
				ALWAYS_SEARCH_USER_PATHS = NO;
				CLANG_ANALYZER_NONNULL = YES;
				CLANG_ANALYZER_NUMBER_OBJECT_CONVERSION = YES_AGGRESSIVE;
				CLANG_CXX_LANGUAGE_STANDARD = "gnu++14";
				CLANG_CXX_LIBRARY = "libc++";
				CLANG_ENABLE_MODULES = YES;
				CLANG_ENABLE_OBJC_ARC = YES;
				CLANG_ENABLE_OBJC_WEAK = YES;
				CLANG_WARN_BLOCK_CAPTURE_AUTORELEASING = YES;
				CLANG_WARN_BOOL_CONVERSION = YES;
				CLANG_WARN_COMMA = YES;
				CLANG_WARN_CONSTANT_CONVERSION = YES;
				CLANG_WARN_DEPRECATED_OBJC_IMPLEMENTATIONS = YES;
				CLANG_WARN_DIRECT_OBJC_ISA_USAGE = YES_ERROR;
				CLANG_WARN_DOCUMENTATION_COMMENTS = YES;
				CLANG_WARN_EMPTY_BODY = YES;
				CLANG_WARN_ENUM_CONVERSION = YES;
				CLANG_WARN_INFINITE_RECURSION = YES;
				CLANG_WARN_INT_CONVERSION = YES;
				CLANG_WARN_NON_LITERAL_NULL_CONVERSION = YES;
				CLANG_WARN_OBJC_IMPLICIT_RETAIN_SELF = YES;
				CLANG_WARN_OBJC_LITERAL_CONVERSION = YES;
				CLANG_WARN_OBJC_ROOT_CLASS = YES_ERROR;
				CLANG_WARN_QUOTED_INCLUDE_IN_FRAMEWORK_HEADER = YES;
				CLANG_WARN_RANGE_LOOP_ANALYSIS = YES;
				CLANG_WARN_STRICT_PROTOTYPES = YES;
				CLANG_WARN_SUSPICIOUS_MOVE = YES;
				CLANG_WARN_UNGUARDED_AVAILABILITY = YES_AGGRESSIVE;
				CLANG_WARN_UNREACHABLE_CODE = YES;
				CLANG_WARN__DUPLICATE_METHOD_MATCH = YES;
				COPY_PHASE_STRIP = NO;
				DEBUG_INFORMATION_FORMAT = "dwarf-with-dsym";
				ENABLE_NS_ASSERTIONS = NO;
				ENABLE_STRICT_OBJC_MSGSEND = YES;
				GCC_C_LANGUAGE_STANDARD = gnu11;
				GCC_NO_COMMON_BLOCKS = YES;
				GCC_WARN_64_TO_32_BIT_CONVERSION = YES;
				GCC_WARN_ABOUT_RETURN_TYPE = YES_ERROR;
				GCC_WARN_UNDECLARED_SELECTOR = YES;
				GCC_WARN_UNINITIALIZED_AUTOS = YES_AGGRESSIVE;
				GCC_WARN_UNUSED_FUNCTION = YES;
				GCC_WARN_UNUSED_VARIABLE = YES;
				IPHONEOS_DEPLOYMENT_TARGET = 14.1;
				MTL_ENABLE_DEBUG_INFO = NO;
				MTL_FAST_MATH = YES;
				SDKROOT = iphoneos;
				SWIFT_COMPILATION_MODE = wholemodule;
				SWIFT_OPTIMIZATION_LEVEL = "-O";
				VALIDATE_PRODUCT = YES;
			};
			name = Release;
		};
		6A4B279D262C4EBA00EFF317 /* Debug */ = {
			isa = XCBuildConfiguration;
			baseConfigurationReference = 7A84B9737CF7394C406FB25F /* Pods-MOOC-Project.debug.xcconfig */;
			buildSettings = {
				ASSETCATALOG_COMPILER_APPICON_NAME = AppIcon;
				ASSETCATALOG_COMPILER_GLOBAL_ACCENT_COLOR_NAME = AccentColor;
				CODE_SIGN_STYLE = Automatic;
				DEVELOPMENT_ASSET_PATHS = "\"MOOC-Project/Preview Content\"";
				DEVELOPMENT_TEAM = B25KHJDDT4;
				ENABLE_PREVIEWS = YES;
				INFOPLIST_FILE = "MOOC-Project/App/Info.plist";
				LD_RUNPATH_SEARCH_PATHS = (
					"$(inherited)",
					"@executable_path/Frameworks",
				);
				PRODUCT_BUNDLE_IDENTIFIER = "com.MOOC-PROJ";
				PRODUCT_NAME = "$(TARGET_NAME)";
				SWIFT_VERSION = 5.0;
				TARGETED_DEVICE_FAMILY = 1;
			};
			name = Debug;
		};
		6A4B279E262C4EBA00EFF317 /* Release */ = {
			isa = XCBuildConfiguration;
			baseConfigurationReference = AA28F2588FFC002A562EA5CB /* Pods-MOOC-Project.release.xcconfig */;
			buildSettings = {
				ASSETCATALOG_COMPILER_APPICON_NAME = AppIcon;
				ASSETCATALOG_COMPILER_GLOBAL_ACCENT_COLOR_NAME = AccentColor;
				CODE_SIGN_STYLE = Automatic;
				DEVELOPMENT_ASSET_PATHS = "\"MOOC-Project/Preview Content\"";
				DEVELOPMENT_TEAM = B25KHJDDT4;
				ENABLE_PREVIEWS = YES;
				INFOPLIST_FILE = "MOOC-Project/App/Info.plist";
				LD_RUNPATH_SEARCH_PATHS = (
					"$(inherited)",
					"@executable_path/Frameworks",
				);
				PRODUCT_BUNDLE_IDENTIFIER = "com.MOOC-PROJ";
				PRODUCT_NAME = "$(TARGET_NAME)";
				SWIFT_VERSION = 5.0;
				TARGETED_DEVICE_FAMILY = 1;
			};
			name = Release;
		};
/* End XCBuildConfiguration section */

/* Begin XCConfigurationList section */
		6A4B2783262C4EB600EFF317 /* Build configuration list for PBXProject "MOOC-Project" */ = {
			isa = XCConfigurationList;
			buildConfigurations = (
				6A4B279A262C4EBA00EFF317 /* Debug */,
				6A4B279B262C4EBA00EFF317 /* Release */,
			);
			defaultConfigurationIsVisible = 0;
			defaultConfigurationName = Release;
		};
		6A4B279C262C4EBA00EFF317 /* Build configuration list for PBXNativeTarget "MOOC-Project" */ = {
			isa = XCConfigurationList;
			buildConfigurations = (
				6A4B279D262C4EBA00EFF317 /* Debug */,
				6A4B279E262C4EBA00EFF317 /* Release */,
			);
			defaultConfigurationIsVisible = 0;
			defaultConfigurationName = Release;
		};
/* End XCConfigurationList section */

/* Begin XCRemoteSwiftPackageReference section */
		6A7E8D622638B2DA009E5C3B /* XCRemoteSwiftPackageReference "facebook-ios-sdk" */ = {
			isa = XCRemoteSwiftPackageReference;
			repositoryURL = "https://github.com/facebook/facebook-ios-sdk";
			requirement = {
				kind = upToNextMajorVersion;
				minimumVersion = 9.2.0;
			};
		};
		6ADD211C2644963100D3AF70 /* XCRemoteSwiftPackageReference "StarRating" */ = {
			isa = XCRemoteSwiftPackageReference;
			repositoryURL = "https://github.com/dkk/StarRating";
			requirement = {
				kind = upToNextMajorVersion;
				minimumVersion = 2.0.0;
			};
		};
/* End XCRemoteSwiftPackageReference section */

/* Begin XCSwiftPackageProductDependency section */
		6A7E8D632638B2DA009E5C3B /* FacebookLogin */ = {
			isa = XCSwiftPackageProductDependency;
			package = 6A7E8D622638B2DA009E5C3B /* XCRemoteSwiftPackageReference "facebook-ios-sdk" */;
			productName = FacebookLogin;
		};
		6ADD211D2644963200D3AF70 /* StarRating */ = {
			isa = XCSwiftPackageProductDependency;
			package = 6ADD211C2644963100D3AF70 /* XCRemoteSwiftPackageReference "StarRating" */;
			productName = StarRating;
		};
/* End XCSwiftPackageProductDependency section */
	};
	rootObject = 6A4B2780262C4EB600EFF317 /* Project object */;
}
